
Microsoft Visual Studio Solution File, Format Version 12.00
# Visual Studio 14
VisualStudioVersion = 14.0.24720.0
MinimumVisualStudioVersion = 10.0.40219.1
Project("{FAE04EC0-301F-11D3-BF4B-00C04F79EFBC}") = "Web Studio", "Web Studio\Web Studio.csproj", "{DA8D8AD9-4E1B-4BAF-A8B5-BD2EC69C1223}"
	ProjectSection(ProjectDependencies) = postProject
		{26B3EC45-C8D3-4620-AFDC-6CBAAEF93245} = {26B3EC45-C8D3-4620-AFDC-6CBAAEF93245}
		{6703C8D4-92FD-4806-8FBD-676948885325} = {6703C8D4-92FD-4806-8FBD-676948885325}
		{646C53E8-9E7D-439C-90E6-BACCEADAE852} = {646C53E8-9E7D-439C-90E6-BACCEADAE852}
	EndProjectSection
EndProject
Project("{FAE04EC0-301F-11D3-BF4B-00C04F79EFBC}") = "Generador Reglas", "Generador Reglas\Generador Reglas.csproj", "{2FD4BCA2-2813-40B9-A404-A4B4E442BBE9}"
EndProject
Project("{FAE04EC0-301F-11D3-BF4B-00C04F79EFBC}") = "TreeView", "TreeView\TreeView.csproj", "{3C8A6FE7-5FD2-4AD2-B7BE-303CA0ABD6CB}"
EndProject
Project("{2150E333-8FDC-42A3-9474-1A3956D46DE8}") = "Pruebas", "Pruebas", "{E156449B-B804-420C-AFCC-A8E54FDB0942}"
EndProject
Project("{2150E333-8FDC-42A3-9474-1A3956D46DE8}") = "SocialCheckPlugins", "SocialCheckPlugins", "{97FCEAD0-DF6F-4DC7-833D-1459028A2C58}"
EndProject
Project("{FAE04EC0-301F-11D3-BF4B-00C04F79EFBC}") = "SocialCheckInterface", "SocialCheckInterface\SocialCheckInterface.csproj", "{EE4E6C9A-5FC8-4897-9AE8-321EF92F17DA}"
EndProject
Project("{FAE04EC0-301F-11D3-BF4B-00C04F79EFBC}") = "DomainCheck", "DomainCheck\DomainCheck.csproj", "{6703C8D4-92FD-4806-8FBD-676948885325}"
EndProject
Project("{FAE04EC0-301F-11D3-BF4B-00C04F79EFBC}") = "SocialTest", "SocialTest\SocialTest.csproj", "{20D258BB-B13C-43EB-BC7E-2592E2460046}"
EndProject
Project("{FAE04EC0-301F-11D3-BF4B-00C04F79EFBC}") = "TwitterCheck", "TwitterCheck\TwitterCheck.csproj", "{26B3EC45-C8D3-4620-AFDC-6CBAAEF93245}"
EndProject
Project("{FAE04EC0-301F-11D3-BF4B-00C04F79EFBC}") = "FacebookCheck", "FacebookCheck\FacebookCheck.csproj", "{646C53E8-9E7D-439C-90E6-BACCEADAE852}"
EndProject
Project("{FAE04EC0-301F-11D3-BF4B-00C04F79EFBC}") = "TreeViewExplorerControl", "TreeViewExplorerControl\TreeViewExplorerControl.csproj", "{C9A42623-7CCB-406B-BB6C-1990CAA8CD02}"
EndProject
Project("{2150E333-8FDC-42A3-9474-1A3956D46DE8}") = "Controls", "Controls", "{1D77347C-3086-4AC7-A070-BF1627A0CBC8}"
EndProject
Project("{FAE04EC0-301F-11D3-BF4B-00C04F79EFBC}") = "AvalonDockTest", "AvalonDockTest\AvalonDockTest.csproj", "{7C9B3D9D-C0C3-4954-822E-EDBCA448841E}"
EndProject
Project("{FAE04EC0-301F-11D3-BF4B-00C04F79EFBC}") = "Xceed.Wpf.AvalonDock.Themes.WebStudio", "AvalonDock.Themes.WebStudio\Xceed.Wpf.AvalonDock.Themes.WebStudio.csproj", "{89286EB4-B4A1-418C-839A-067B00F442D8}"
EndProject
Global
	GlobalSection(SolutionConfigurationPlatforms) = preSolution
		Debug|Any CPU = Debug|Any CPU
		Release|Any CPU = Release|Any CPU
	EndGlobalSection
	GlobalSection(ProjectConfigurationPlatforms) = postSolution
		{DA8D8AD9-4E1B-4BAF-A8B5-BD2EC69C1223}.Debug|Any CPU.ActiveCfg = Debug|Any CPU
		{DA8D8AD9-4E1B-4BAF-A8B5-BD2EC69C1223}.Debug|Any CPU.Build.0 = Debug|Any CPU
		{DA8D8AD9-4E1B-4BAF-A8B5-BD2EC69C1223}.Release|Any CPU.ActiveCfg = Release|Any CPU
		{DA8D8AD9-4E1B-4BAF-A8B5-BD2EC69C1223}.Release|Any CPU.Build.0 = Release|Any CPU
		{2FD4BCA2-2813-40B9-A404-A4B4E442BBE9}.Debug|Any CPU.ActiveCfg = Debug|Any CPU
		{2FD4BCA2-2813-40B9-A404-A4B4E442BBE9}.Debug|Any CPU.Build.0 = Debug|Any CPU
		{2FD4BCA2-2813-40B9-A404-A4B4E442BBE9}.Release|Any CPU.ActiveCfg = Release|Any CPU
		{2FD4BCA2-2813-40B9-A404-A4B4E442BBE9}.Release|Any CPU.Build.0 = Release|Any CPU
		{3C8A6FE7-5FD2-4AD2-B7BE-303CA0ABD6CB}.Debug|Any CPU.ActiveCfg = Debug|Any CPU
		{3C8A6FE7-5FD2-4AD2-B7BE-303CA0ABD6CB}.Debug|Any CPU.Build.0 = Debug|Any CPU
		{3C8A6FE7-5FD2-4AD2-B7BE-303CA0ABD6CB}.Release|Any CPU.ActiveCfg = Release|Any CPU
		{3C8A6FE7-5FD2-4AD2-B7BE-303CA0ABD6CB}.Release|Any CPU.Build.0 = Release|Any CPU
		{EE4E6C9A-5FC8-4897-9AE8-321EF92F17DA}.Debug|Any CPU.ActiveCfg = Release|Any CPU
		{EE4E6C9A-5FC8-4897-9AE8-321EF92F17DA}.Debug|Any CPU.Build.0 = Release|Any CPU
		{EE4E6C9A-5FC8-4897-9AE8-321EF92F17DA}.Release|Any CPU.ActiveCfg = Release|Any CPU
		{EE4E6C9A-5FC8-4897-9AE8-321EF92F17DA}.Release|Any CPU.Build.0 = Release|Any CPU
		{6703C8D4-92FD-4806-8FBD-676948885325}.Debug|Any CPU.ActiveCfg = Release|Any CPU
		{6703C8D4-92FD-4806-8FBD-676948885325}.Debug|Any CPU.Build.0 = Release|Any CPU
		{6703C8D4-92FD-4806-8FBD-676948885325}.Release|Any CPU.ActiveCfg = Release|Any CPU
		{6703C8D4-92FD-4806-8FBD-676948885325}.Release|Any CPU.Build.0 = Release|Any CPU
		{20D258BB-B13C-43EB-BC7E-2592E2460046}.Debug|Any CPU.ActiveCfg = Debug|Any CPU
		{20D258BB-B13C-43EB-BC7E-2592E2460046}.Debug|Any CPU.Build.0 = Debug|Any CPU
		{20D258BB-B13C-43EB-BC7E-2592E2460046}.Release|Any CPU.ActiveCfg = Release|Any CPU
		{20D258BB-B13C-43EB-BC7E-2592E2460046}.Release|Any CPU.Build.0 = Release|Any CPU
		{26B3EC45-C8D3-4620-AFDC-6CBAAEF93245}.Debug|Any CPU.ActiveCfg = Release|Any CPU
		{26B3EC45-C8D3-4620-AFDC-6CBAAEF93245}.Debug|Any CPU.Build.0 = Release|Any CPU
		{26B3EC45-C8D3-4620-AFDC-6CBAAEF93245}.Release|Any CPU.ActiveCfg = Release|Any CPU
		{26B3EC45-C8D3-4620-AFDC-6CBAAEF93245}.Release|Any CPU.Build.0 = Release|Any CPU
		{646C53E8-9E7D-439C-90E6-BACCEADAE852}.Debug|Any CPU.ActiveCfg = Release|Any CPU
		{646C53E8-9E7D-439C-90E6-BACCEADAE852}.Debug|Any CPU.Build.0 = Release|Any CPU
		{646C53E8-9E7D-439C-90E6-BACCEADAE852}.Release|Any CPU.ActiveCfg = Release|Any CPU
		{646C53E8-9E7D-439C-90E6-BACCEADAE852}.Release|Any CPU.Build.0 = Release|Any CPU
		{C9A42623-7CCB-406B-BB6C-1990CAA8CD02}.Debug|Any CPU.ActiveCfg = Debug|Any CPU
		{C9A42623-7CCB-406B-BB6C-1990CAA8CD02}.Debug|Any CPU.Build.0 = Debug|Any CPU
		{C9A42623-7CCB-406B-BB6C-1990CAA8CD02}.Release|Any CPU.ActiveCfg = Release|Any CPU
		{C9A42623-7CCB-406B-BB6C-1990CAA8CD02}.Release|Any CPU.Build.0 = Release|Any CPU
		{7C9B3D9D-C0C3-4954-822E-EDBCA448841E}.Debug|Any CPU.ActiveCfg = Debug|Any CPU
		{7C9B3D9D-C0C3-4954-822E-EDBCA448841E}.Debug|Any CPU.Build.0 = Debug|Any CPU
		{7C9B3D9D-C0C3-4954-822E-EDBCA448841E}.Release|Any CPU.ActiveCfg = Release|Any CPU
		{7C9B3D9D-C0C3-4954-822E-EDBCA448841E}.Release|Any CPU.Build.0 = Release|Any CPU
		{89286EB4-B4A1-418C-839A-067B00F442D8}.Debug|Any CPU.ActiveCfg = Debug|Any CPU
		{89286EB4-B4A1-418C-839A-067B00F442D8}.Debug|Any CPU.Build.0 = Debug|Any CPU
		{89286EB4-B4A1-418C-839A-067B00F442D8}.Release|Any CPU.ActiveCfg = Release|Any CPU
		{89286EB4-B4A1-418C-839A-067B00F442D8}.Release|Any CPU.Build.0 = Release|Any CPU
	EndGlobalSection
	GlobalSection(SolutionProperties) = preSolution
		HideSolutionNode = FALSE
	EndGlobalSection
	GlobalSection(NestedProjects) = preSolution
		{2FD4BCA2-2813-40B9-A404-A4B4E442BBE9} = {E156449B-B804-420C-AFCC-A8E54FDB0942}
		{3C8A6FE7-5FD2-4AD2-B7BE-303CA0ABD6CB} = {E156449B-B804-420C-AFCC-A8E54FDB0942}
		{EE4E6C9A-5FC8-4897-9AE8-321EF92F17DA} = {97FCEAD0-DF6F-4DC7-833D-1459028A2C58}
		{6703C8D4-92FD-4806-8FBD-676948885325} = {97FCEAD0-DF6F-4DC7-833D-1459028A2C58}
		{20D258BB-B13C-43EB-BC7E-2592E2460046} = {97FCEAD0-DF6F-4DC7-833D-1459028A2C58}
		{26B3EC45-C8D3-4620-AFDC-6CBAAEF93245} = {97FCEAD0-DF6F-4DC7-833D-1459028A2C58}
		{646C53E8-9E7D-439C-90E6-BACCEADAE852} = {97FCEAD0-DF6F-4DC7-833D-1459028A2C58}
		{C9A42623-7CCB-406B-BB6C-1990CAA8CD02} = {1D77347C-3086-4AC7-A070-BF1627A0CBC8}
		{7C9B3D9D-C0C3-4954-822E-EDBCA448841E} = {E156449B-B804-420C-AFCC-A8E54FDB0942}
		{89286EB4-B4A1-418C-839A-067B00F442D8} = {1D77347C-3086-4AC7-A070-BF1627A0CBC8}
	EndGlobalSection
EndGlobal
