
Microsoft Visual Studio Solution File, Format Version 12.00
# Visual Studio 14
VisualStudioVersion = 14.0.25123.0
MinimumVisualStudioVersion = 10.0.40219.1
Project("{FAE04EC0-301F-11D3-BF4B-00C04F79EFBC}") = "Web Studio", "Web Studio\Web Studio.csproj", "{DA8D8AD9-4E1B-4BAF-A8B5-BD2EC69C1223}"
	ProjectSection(ProjectDependencies) = postProject
		{B6612D08-63AD-4111-94F0-310DD5ECB78E} = {B6612D08-63AD-4111-94F0-310DD5ECB78E}
		{0E372A18-C200-41EC-8B80-75D17BB5CFBE} = {0E372A18-C200-41EC-8B80-75D17BB5CFBE}
		{F6E78E28-C5EA-4B12-A420-C7908992895D} = {F6E78E28-C5EA-4B12-A420-C7908992895D}
		{F00E3B44-7BF7-43BA-8B33-B03E1876286B} = {F00E3B44-7BF7-43BA-8B33-B03E1876286B}
		{26B3EC45-C8D3-4620-AFDC-6CBAAEF93245} = {26B3EC45-C8D3-4620-AFDC-6CBAAEF93245}
		{4AA7AA48-79DD-4373-8524-20E78C15E886} = {4AA7AA48-79DD-4373-8524-20E78C15E886}
		{CFBC264A-E1CD-4CDB-8647-E6CE9790EA27} = {CFBC264A-E1CD-4CDB-8647-E6CE9790EA27}
		{6C83C95E-6309-4F20-A001-92C48BA69C83} = {6C83C95E-6309-4F20-A001-92C48BA69C83}
		{83121361-35E9-45B3-988F-1DC69750813B} = {83121361-35E9-45B3-988F-1DC69750813B}
		{A265BE75-DBBB-4649-A9B2-6A23FF5F08EC} = {A265BE75-DBBB-4649-A9B2-6A23FF5F08EC}
		{2A389F7C-84EC-43F4-97B4-106C5CB5FDD2} = {2A389F7C-84EC-43F4-97B4-106C5CB5FDD2}
		{6A07E581-E48F-4EF0-A6C2-4FA44D6C4A5E} = {6A07E581-E48F-4EF0-A6C2-4FA44D6C4A5E}
		{211EE290-E8A3-4F08-9849-960FE61C0C31} = {211EE290-E8A3-4F08-9849-960FE61C0C31}
		{3323BF91-DDBC-4931-B5FD-D20C587065F1} = {3323BF91-DDBC-4931-B5FD-D20C587065F1}
		{B8FA5B9A-DE55-4094-A257-50EDEF0DECD1} = {B8FA5B9A-DE55-4094-A257-50EDEF0DECD1}
		{DF094E9B-3394-4C01-948E-FFE39B9BACC9} = {DF094E9B-3394-4C01-948E-FFE39B9BACC9}
		{C9BE66A5-132A-4AD9-B3C9-7AAAE75C3366} = {C9BE66A5-132A-4AD9-B3C9-7AAAE75C3366}
		{F26883A8-9EF7-4CFE-8403-B604718B9E80} = {F26883A8-9EF7-4CFE-8403-B604718B9E80}
		{90A643B1-09A2-46D1-BB50-B0D7F7E98AE7} = {90A643B1-09A2-46D1-BB50-B0D7F7E98AE7}
		{F00706B8-457D-4C19-BAEA-88402B47EA80} = {F00706B8-457D-4C19-BAEA-88402B47EA80}
		{EB117EC1-CB73-4B28-BE25-1BC40CC338FE} = {EB117EC1-CB73-4B28-BE25-1BC40CC338FE}
		{411189C6-283E-494C-B1A5-E1A31C24D72C} = {411189C6-283E-494C-B1A5-E1A31C24D72C}
		{AD4057D2-F609-4BEA-877C-0E5CAD0CE5A9} = {AD4057D2-F609-4BEA-877C-0E5CAD0CE5A9}
		{6703C8D4-92FD-4806-8FBD-676948885325} = {6703C8D4-92FD-4806-8FBD-676948885325}
		{646C53E8-9E7D-439C-90E6-BACCEADAE852} = {646C53E8-9E7D-439C-90E6-BACCEADAE852}
		{5CE960F6-7D72-4E6E-8F80-3FDB7CEDC374} = {5CE960F6-7D72-4E6E-8F80-3FDB7CEDC374}
		{D8C596F7-BB98-4CBB-8095-09B14D1078C7} = {D8C596F7-BB98-4CBB-8095-09B14D1078C7}
		{324FDAFB-B534-46F0-A3FF-6F65071D3946} = {324FDAFB-B534-46F0-A3FF-6F65071D3946}
	EndProjectSection
EndProject
Project("{2150E333-8FDC-42A3-9474-1A3956D46DE8}") = "Pruebas", "Pruebas", "{E156449B-B804-420C-AFCC-A8E54FDB0942}"
EndProject
Project("{2150E333-8FDC-42A3-9474-1A3956D46DE8}") = "SocialCheckPlugins", "SocialCheckPlugins", "{97FCEAD0-DF6F-4DC7-833D-1459028A2C58}"
EndProject
Project("{FAE04EC0-301F-11D3-BF4B-00C04F79EFBC}") = "SocialCheckInterface", "SocialCheckPlugins\SocialCheckInterface\SocialCheckInterface.csproj", "{EE4E6C9A-5FC8-4897-9AE8-321EF92F17DA}"
EndProject
Project("{FAE04EC0-301F-11D3-BF4B-00C04F79EFBC}") = "DomainCheck", "SocialCheckPlugins\DomainCheck\DomainCheck.csproj", "{6703C8D4-92FD-4806-8FBD-676948885325}"
EndProject
Project("{FAE04EC0-301F-11D3-BF4B-00C04F79EFBC}") = "TwitterCheck", "SocialCheckPlugins\TwitterCheck\TwitterCheck.csproj", "{26B3EC45-C8D3-4620-AFDC-6CBAAEF93245}"
EndProject
Project("{FAE04EC0-301F-11D3-BF4B-00C04F79EFBC}") = "FacebookCheck", "SocialCheckPlugins\FacebookCheck\FacebookCheck.csproj", "{646C53E8-9E7D-439C-90E6-BACCEADAE852}"
EndProject
Project("{FAE04EC0-301F-11D3-BF4B-00C04F79EFBC}") = "TreeViewExplorerControl", "Controls\TreeViewExplorerControl\TreeViewExplorerControl.csproj", "{C9A42623-7CCB-406B-BB6C-1990CAA8CD02}"
EndProject
Project("{2150E333-8FDC-42A3-9474-1A3956D46DE8}") = "Controls", "Controls", "{1D77347C-3086-4AC7-A070-BF1627A0CBC8}"
EndProject
Project("{FAE04EC0-301F-11D3-BF4B-00C04F79EFBC}") = "Xceed.Wpf.AvalonDock.Themes.WebStudio", "Controls\AvalonDock.Themes.WebStudio\Xceed.Wpf.AvalonDock.Themes.WebStudio.csproj", "{89286EB4-B4A1-418C-839A-067B00F442D8}"
EndProject
Project("{54435603-DBB4-11D2-8724-00A0C9A8B90C}") = "Setup", "Setup\Setup.vdproj", "{A7193941-6452-45D3-AAEA-F16C7BB00FE9}"
EndProject
Project("{FAE04EC0-301F-11D3-BF4B-00C04F79EFBC}") = "HTMLParser", "HTMLParser\HTMLParser.csproj", "{C48B6303-F578-457A-8719-D0BCC63CB528}"
EndProject
Project("{2150E333-8FDC-42A3-9474-1A3956D46DE8}") = "ValidationPlugins", "ValidationPlugins", "{3E8395CA-55DA-4EB1-B787-2E521E6AABC8}"
EndProject
Project("{FAE04EC0-301F-11D3-BF4B-00C04F79EFBC}") = "ValidationInterface", "ValidationPlugins\ValidationInterface\ValidationInterface.csproj", "{303EEC5A-AF5E-40B5-8CC8-546D42EC168B}"
EndProject
Project("{FAE04EC0-301F-11D3-BF4B-00C04F79EFBC}") = "W3cPlugin", "ValidationPlugins\W3cPlugin\W3cPlugin.csproj", "{A265BE75-DBBB-4649-A9B2-6A23FF5F08EC}"
EndProject
Project("{FAE04EC0-301F-11D3-BF4B-00C04F79EFBC}") = "MessageListControl", "Controls\MessageListControl\MessageListControl.csproj", "{BEDC618F-2497-4142-85B6-3B686B853DC1}"
EndProject
Project("{FAE04EC0-301F-11D3-BF4B-00C04F79EFBC}") = "FastObservableCollection", "CustomClasses\FastObservableCollection\FastObservableCollection.csproj", "{1D97ECDA-D9E1-4FE0-981B-C865A4373EA9}"
EndProject
Project("{2150E333-8FDC-42A3-9474-1A3956D46DE8}") = "Custom classes", "Custom classes", "{22E14317-5BE4-4C3C-99F5-7A78929F47C9}"
EndProject
Project("{FAE04EC0-301F-11D3-BF4B-00C04F79EFBC}") = "BusyControl", "Controls\BusyControl\BusyControl.csproj", "{ED4769D3-ABFA-4BB5-92B8-C3D0B38F29D1}"
EndProject
Project("{FAE04EC0-301F-11D3-BF4B-00C04F79EFBC}") = "IncludePlugin", "ValidationPlugins\IncludePlugin\IncludePlugin.csproj", "{324FDAFB-B534-46F0-A3FF-6F65071D3946}"
EndProject
Project("{FAE04EC0-301F-11D3-BF4B-00C04F79EFBC}") = "HeadingPlugin", "ValidationPlugins\HeadingPlugin\HeadingPlugin.csproj", "{DF094E9B-3394-4C01-948E-FFE39B9BACC9}"
EndProject
Project("{FAE04EC0-301F-11D3-BF4B-00C04F79EFBC}") = "RobotPlugin", "ValidationPlugins\RobotPlugin\RobotPlugin.csproj", "{90A643B1-09A2-46D1-BB50-B0D7F7E98AE7}"
EndProject
Project("{FAE04EC0-301F-11D3-BF4B-00C04F79EFBC}") = "SitemapPlugin", "ValidationPlugins\SitemapPlugin\SitemapPlugin.csproj", "{AD4057D2-F609-4BEA-877C-0E5CAD0CE5A9}"
EndProject
Project("{FAE04EC0-301F-11D3-BF4B-00C04F79EFBC}") = "HumansPlugin", "ValidationPlugins\HumansPlugin\HumansPlugin.csproj", "{D8C596F7-BB98-4CBB-8095-09B14D1078C7}"
EndProject
Project("{FAE04EC0-301F-11D3-BF4B-00C04F79EFBC}") = "Error404PagePlugin", "ValidationPlugins\Error404PagePlugin\Error404PagePlugin.csproj", "{B6612D08-63AD-4111-94F0-310DD5ECB78E}"
EndProject
Project("{FAE04EC0-301F-11D3-BF4B-00C04F79EFBC}") = "HtaccessPlugin", "ValidationPlugins\HtaccessPlugin\HtaccessPlugin.csproj", "{0E372A18-C200-41EC-8B80-75D17BB5CFBE}"
EndProject
Project("{FAE04EC0-301F-11D3-BF4B-00C04F79EFBC}") = "DescriptionPlugin", "ValidationPlugins\DescriptionPlugin\DescriptionPlugin.csproj", "{F00706B8-457D-4C19-BAEA-88402B47EA80}"
EndProject
Project("{FAE04EC0-301F-11D3-BF4B-00C04F79EFBC}") = "GooglePlusPlugin", "ValidationPlugins\GooglePlusPlugin\GooglePlusPlugin.csproj", "{F26883A8-9EF7-4CFE-8403-B604718B9E80}"
EndProject
Project("{FAE04EC0-301F-11D3-BF4B-00C04F79EFBC}") = "FacebookPlugin", "ValidationPlugins\FacebookPlugin\FacebookPlugin.csproj", "{6C83C95E-6309-4F20-A001-92C48BA69C83}"
EndProject
Project("{FAE04EC0-301F-11D3-BF4B-00C04F79EFBC}") = "TwitterPlugin", "ValidationPlugins\TwitterPlugin\TwitterPlugin.csproj", "{B8FA5B9A-DE55-4094-A257-50EDEF0DECD1}"
EndProject
Project("{FAE04EC0-301F-11D3-BF4B-00C04F79EFBC}") = "LinksPlugin", "ValidationPlugins\LinksPlugin\LinksPlugin.csproj", "{2A389F7C-84EC-43F4-97B4-106C5CB5FDD2}"
EndProject
Project("{FAE04EC0-301F-11D3-BF4B-00C04F79EFBC}") = "IframePlugin", "ValidationPlugins\IframePlugin\IframePlugin.csproj", "{3323BF91-DDBC-4931-B5FD-D20C587065F1}"
EndProject
Project("{FAE04EC0-301F-11D3-BF4B-00C04F79EFBC}") = "LinkTypesPlugin", "ValidationPlugins\LinkTypesPlugin\LinkTypesPlugin.csproj", "{C9BE66A5-132A-4AD9-B3C9-7AAAE75C3366}"
EndProject
Project("{FAE04EC0-301F-11D3-BF4B-00C04F79EFBC}") = "ImportCssPlugin", "ValidationPlugins\ImportTagPlugin\ImportCssPlugin.csproj", "{211EE290-E8A3-4F08-9849-960FE61C0C31}"
EndProject
Project("{FAE04EC0-301F-11D3-BF4B-00C04F79EFBC}") = "TextRatioPlugin", "ValidationPlugins\TextRatioPlugin\TextRatioPlugin.csproj", "{83121361-35E9-45B3-988F-1DC69750813B}"
EndProject
Project("{FAE04EC0-301F-11D3-BF4B-00C04F79EFBC}") = "CssPlugin", "ValidationPlugins\CssPlugin\CssPlugin.csproj", "{411189C6-283E-494C-B1A5-E1A31C24D72C}"
EndProject
Project("{FAE04EC0-301F-11D3-BF4B-00C04F79EFBC}") = "JoinAndMinifyCssPlugin", "ValidationPlugins\JoinAndMinifyCssPlugin\JoinAndMinifyCssPlugin.csproj", "{EB117EC1-CB73-4B28-BE25-1BC40CC338FE}"
EndProject
Project("{FAE04EC0-301F-11D3-BF4B-00C04F79EFBC}") = "CssValidatorPlugin", "ValidationPlugins\CssValidatorPlugin\CssValidatorPlugin.csproj", "{F00E3B44-7BF7-43BA-8B33-B03E1876286B}"
EndProject
Project("{FAE04EC0-301F-11D3-BF4B-00C04F79EFBC}") = "FaviconPlugin", "ValidationPlugins\FaviconPlugin\FaviconPlugin.csproj", "{4AA7AA48-79DD-4373-8524-20E78C15E886}"
EndProject
Project("{FAE04EC0-301F-11D3-BF4B-00C04F79EFBC}") = "ImagesCompressorPlugin", "ValidationPlugins\ImagesCompressorPlugin\ImagesCompressorPlugin.csproj", "{F6E78E28-C5EA-4B12-A420-C7908992895D}"
EndProject
Project("{FAE04EC0-301F-11D3-BF4B-00C04F79EFBC}") = "PrintCssPlugin", "ValidationPlugins\PrintCssPlugin\PrintCssPlugin.csproj", "{6A07E581-E48F-4EF0-A6C2-4FA44D6C4A5E}"
EndProject
Project("{FAE04EC0-301F-11D3-BF4B-00C04F79EFBC}") = "ImageScalingPlugin", "ValidationPlugins\ImageScalingPlugin\ImageScalingPlugin.csproj", "{CFBC264A-E1CD-4CDB-8647-E6CE9790EA27}"
EndProject
Project("{FAE04EC0-301F-11D3-BF4B-00C04F79EFBC}") = "CssSpritesPlugin", "ValidationPlugins\CssSpritesPlugin\CssSpritesPlugin.csproj", "{5CE960F6-7D72-4E6E-8F80-3FDB7CEDC374}"
EndProject
Global
	GlobalSection(SolutionConfigurationPlatforms) = preSolution
		Debug|Any CPU = Debug|Any CPU
		Debug|ARM = Debug|ARM
		Debug|x64 = Debug|x64
		Debug|x86 = Debug|x86
		Release|Any CPU = Release|Any CPU
		Release|ARM = Release|ARM
		Release|x64 = Release|x64
		Release|x86 = Release|x86
	EndGlobalSection
	GlobalSection(ProjectConfigurationPlatforms) = postSolution
		{DA8D8AD9-4E1B-4BAF-A8B5-BD2EC69C1223}.Debug|Any CPU.ActiveCfg = Debug|Any CPU
		{DA8D8AD9-4E1B-4BAF-A8B5-BD2EC69C1223}.Debug|Any CPU.Build.0 = Debug|Any CPU
		{DA8D8AD9-4E1B-4BAF-A8B5-BD2EC69C1223}.Debug|ARM.ActiveCfg = Debug|Any CPU
		{DA8D8AD9-4E1B-4BAF-A8B5-BD2EC69C1223}.Debug|ARM.Build.0 = Debug|Any CPU
		{DA8D8AD9-4E1B-4BAF-A8B5-BD2EC69C1223}.Debug|x64.ActiveCfg = Debug|Any CPU
		{DA8D8AD9-4E1B-4BAF-A8B5-BD2EC69C1223}.Debug|x64.Build.0 = Debug|Any CPU
		{DA8D8AD9-4E1B-4BAF-A8B5-BD2EC69C1223}.Debug|x86.ActiveCfg = Debug|Any CPU
		{DA8D8AD9-4E1B-4BAF-A8B5-BD2EC69C1223}.Debug|x86.Build.0 = Debug|Any CPU
		{DA8D8AD9-4E1B-4BAF-A8B5-BD2EC69C1223}.Release|Any CPU.ActiveCfg = Release|Any CPU
		{DA8D8AD9-4E1B-4BAF-A8B5-BD2EC69C1223}.Release|Any CPU.Build.0 = Release|Any CPU
		{DA8D8AD9-4E1B-4BAF-A8B5-BD2EC69C1223}.Release|ARM.ActiveCfg = Release|Any CPU
		{DA8D8AD9-4E1B-4BAF-A8B5-BD2EC69C1223}.Release|ARM.Build.0 = Release|Any CPU
		{DA8D8AD9-4E1B-4BAF-A8B5-BD2EC69C1223}.Release|x64.ActiveCfg = Release|Any CPU
		{DA8D8AD9-4E1B-4BAF-A8B5-BD2EC69C1223}.Release|x64.Build.0 = Release|Any CPU
		{DA8D8AD9-4E1B-4BAF-A8B5-BD2EC69C1223}.Release|x86.ActiveCfg = Release|Any CPU
		{DA8D8AD9-4E1B-4BAF-A8B5-BD2EC69C1223}.Release|x86.Build.0 = Release|Any CPU
		{EE4E6C9A-5FC8-4897-9AE8-321EF92F17DA}.Debug|Any CPU.ActiveCfg = Debug|Any CPU
		{EE4E6C9A-5FC8-4897-9AE8-321EF92F17DA}.Debug|Any CPU.Build.0 = Debug|Any CPU
		{EE4E6C9A-5FC8-4897-9AE8-321EF92F17DA}.Debug|ARM.ActiveCfg = Debug|Any CPU
		{EE4E6C9A-5FC8-4897-9AE8-321EF92F17DA}.Debug|ARM.Build.0 = Debug|Any CPU
		{EE4E6C9A-5FC8-4897-9AE8-321EF92F17DA}.Debug|x64.ActiveCfg = Debug|Any CPU
		{EE4E6C9A-5FC8-4897-9AE8-321EF92F17DA}.Debug|x64.Build.0 = Debug|Any CPU
		{EE4E6C9A-5FC8-4897-9AE8-321EF92F17DA}.Debug|x86.ActiveCfg = Debug|Any CPU
		{EE4E6C9A-5FC8-4897-9AE8-321EF92F17DA}.Debug|x86.Build.0 = Debug|Any CPU
		{EE4E6C9A-5FC8-4897-9AE8-321EF92F17DA}.Release|Any CPU.ActiveCfg = Release|Any CPU
		{EE4E6C9A-5FC8-4897-9AE8-321EF92F17DA}.Release|Any CPU.Build.0 = Release|Any CPU
		{EE4E6C9A-5FC8-4897-9AE8-321EF92F17DA}.Release|ARM.ActiveCfg = Release|Any CPU
		{EE4E6C9A-5FC8-4897-9AE8-321EF92F17DA}.Release|ARM.Build.0 = Release|Any CPU
		{EE4E6C9A-5FC8-4897-9AE8-321EF92F17DA}.Release|x64.ActiveCfg = Release|Any CPU
		{EE4E6C9A-5FC8-4897-9AE8-321EF92F17DA}.Release|x64.Build.0 = Release|Any CPU
		{EE4E6C9A-5FC8-4897-9AE8-321EF92F17DA}.Release|x86.ActiveCfg = Release|Any CPU
		{EE4E6C9A-5FC8-4897-9AE8-321EF92F17DA}.Release|x86.Build.0 = Release|Any CPU
		{6703C8D4-92FD-4806-8FBD-676948885325}.Debug|Any CPU.ActiveCfg = Debug|Any CPU
		{6703C8D4-92FD-4806-8FBD-676948885325}.Debug|Any CPU.Build.0 = Debug|Any CPU
		{6703C8D4-92FD-4806-8FBD-676948885325}.Debug|ARM.ActiveCfg = Debug|Any CPU
		{6703C8D4-92FD-4806-8FBD-676948885325}.Debug|ARM.Build.0 = Debug|Any CPU
		{6703C8D4-92FD-4806-8FBD-676948885325}.Debug|x64.ActiveCfg = Debug|Any CPU
		{6703C8D4-92FD-4806-8FBD-676948885325}.Debug|x64.Build.0 = Debug|Any CPU
		{6703C8D4-92FD-4806-8FBD-676948885325}.Debug|x86.ActiveCfg = Debug|Any CPU
		{6703C8D4-92FD-4806-8FBD-676948885325}.Debug|x86.Build.0 = Debug|Any CPU
		{6703C8D4-92FD-4806-8FBD-676948885325}.Release|Any CPU.ActiveCfg = Release|Any CPU
		{6703C8D4-92FD-4806-8FBD-676948885325}.Release|Any CPU.Build.0 = Release|Any CPU
		{6703C8D4-92FD-4806-8FBD-676948885325}.Release|ARM.ActiveCfg = Release|Any CPU
		{6703C8D4-92FD-4806-8FBD-676948885325}.Release|ARM.Build.0 = Release|Any CPU
		{6703C8D4-92FD-4806-8FBD-676948885325}.Release|x64.ActiveCfg = Release|Any CPU
		{6703C8D4-92FD-4806-8FBD-676948885325}.Release|x64.Build.0 = Release|Any CPU
		{6703C8D4-92FD-4806-8FBD-676948885325}.Release|x86.ActiveCfg = Release|Any CPU
		{6703C8D4-92FD-4806-8FBD-676948885325}.Release|x86.Build.0 = Release|Any CPU
		{26B3EC45-C8D3-4620-AFDC-6CBAAEF93245}.Debug|Any CPU.ActiveCfg = Debug|Any CPU
		{26B3EC45-C8D3-4620-AFDC-6CBAAEF93245}.Debug|Any CPU.Build.0 = Debug|Any CPU
		{26B3EC45-C8D3-4620-AFDC-6CBAAEF93245}.Debug|ARM.ActiveCfg = Debug|Any CPU
		{26B3EC45-C8D3-4620-AFDC-6CBAAEF93245}.Debug|ARM.Build.0 = Debug|Any CPU
		{26B3EC45-C8D3-4620-AFDC-6CBAAEF93245}.Debug|x64.ActiveCfg = Debug|Any CPU
		{26B3EC45-C8D3-4620-AFDC-6CBAAEF93245}.Debug|x64.Build.0 = Debug|Any CPU
		{26B3EC45-C8D3-4620-AFDC-6CBAAEF93245}.Debug|x86.ActiveCfg = Debug|Any CPU
		{26B3EC45-C8D3-4620-AFDC-6CBAAEF93245}.Debug|x86.Build.0 = Debug|Any CPU
		{26B3EC45-C8D3-4620-AFDC-6CBAAEF93245}.Release|Any CPU.ActiveCfg = Release|Any CPU
		{26B3EC45-C8D3-4620-AFDC-6CBAAEF93245}.Release|Any CPU.Build.0 = Release|Any CPU
		{26B3EC45-C8D3-4620-AFDC-6CBAAEF93245}.Release|ARM.ActiveCfg = Release|Any CPU
		{26B3EC45-C8D3-4620-AFDC-6CBAAEF93245}.Release|ARM.Build.0 = Release|Any CPU
		{26B3EC45-C8D3-4620-AFDC-6CBAAEF93245}.Release|x64.ActiveCfg = Release|Any CPU
		{26B3EC45-C8D3-4620-AFDC-6CBAAEF93245}.Release|x64.Build.0 = Release|Any CPU
		{26B3EC45-C8D3-4620-AFDC-6CBAAEF93245}.Release|x86.ActiveCfg = Release|Any CPU
		{26B3EC45-C8D3-4620-AFDC-6CBAAEF93245}.Release|x86.Build.0 = Release|Any CPU
		{646C53E8-9E7D-439C-90E6-BACCEADAE852}.Debug|Any CPU.ActiveCfg = Debug|Any CPU
		{646C53E8-9E7D-439C-90E6-BACCEADAE852}.Debug|Any CPU.Build.0 = Debug|Any CPU
		{646C53E8-9E7D-439C-90E6-BACCEADAE852}.Debug|ARM.ActiveCfg = Debug|Any CPU
		{646C53E8-9E7D-439C-90E6-BACCEADAE852}.Debug|ARM.Build.0 = Debug|Any CPU
		{646C53E8-9E7D-439C-90E6-BACCEADAE852}.Debug|x64.ActiveCfg = Debug|Any CPU
		{646C53E8-9E7D-439C-90E6-BACCEADAE852}.Debug|x64.Build.0 = Debug|Any CPU
		{646C53E8-9E7D-439C-90E6-BACCEADAE852}.Debug|x86.ActiveCfg = Debug|Any CPU
		{646C53E8-9E7D-439C-90E6-BACCEADAE852}.Debug|x86.Build.0 = Debug|Any CPU
		{646C53E8-9E7D-439C-90E6-BACCEADAE852}.Release|Any CPU.ActiveCfg = Release|Any CPU
		{646C53E8-9E7D-439C-90E6-BACCEADAE852}.Release|Any CPU.Build.0 = Release|Any CPU
		{646C53E8-9E7D-439C-90E6-BACCEADAE852}.Release|ARM.ActiveCfg = Release|Any CPU
		{646C53E8-9E7D-439C-90E6-BACCEADAE852}.Release|ARM.Build.0 = Release|Any CPU
		{646C53E8-9E7D-439C-90E6-BACCEADAE852}.Release|x64.ActiveCfg = Release|Any CPU
		{646C53E8-9E7D-439C-90E6-BACCEADAE852}.Release|x64.Build.0 = Release|Any CPU
		{646C53E8-9E7D-439C-90E6-BACCEADAE852}.Release|x86.ActiveCfg = Release|Any CPU
		{646C53E8-9E7D-439C-90E6-BACCEADAE852}.Release|x86.Build.0 = Release|Any CPU
		{C9A42623-7CCB-406B-BB6C-1990CAA8CD02}.Debug|Any CPU.ActiveCfg = Debug|Any CPU
		{C9A42623-7CCB-406B-BB6C-1990CAA8CD02}.Debug|Any CPU.Build.0 = Debug|Any CPU
		{C9A42623-7CCB-406B-BB6C-1990CAA8CD02}.Debug|ARM.ActiveCfg = Debug|Any CPU
		{C9A42623-7CCB-406B-BB6C-1990CAA8CD02}.Debug|ARM.Build.0 = Debug|Any CPU
		{C9A42623-7CCB-406B-BB6C-1990CAA8CD02}.Debug|x64.ActiveCfg = Debug|Any CPU
		{C9A42623-7CCB-406B-BB6C-1990CAA8CD02}.Debug|x64.Build.0 = Debug|Any CPU
		{C9A42623-7CCB-406B-BB6C-1990CAA8CD02}.Debug|x86.ActiveCfg = Debug|Any CPU
		{C9A42623-7CCB-406B-BB6C-1990CAA8CD02}.Debug|x86.Build.0 = Debug|Any CPU
		{C9A42623-7CCB-406B-BB6C-1990CAA8CD02}.Release|Any CPU.ActiveCfg = Release|Any CPU
		{C9A42623-7CCB-406B-BB6C-1990CAA8CD02}.Release|Any CPU.Build.0 = Release|Any CPU
		{C9A42623-7CCB-406B-BB6C-1990CAA8CD02}.Release|ARM.ActiveCfg = Release|Any CPU
		{C9A42623-7CCB-406B-BB6C-1990CAA8CD02}.Release|ARM.Build.0 = Release|Any CPU
		{C9A42623-7CCB-406B-BB6C-1990CAA8CD02}.Release|x64.ActiveCfg = Release|Any CPU
		{C9A42623-7CCB-406B-BB6C-1990CAA8CD02}.Release|x64.Build.0 = Release|Any CPU
		{C9A42623-7CCB-406B-BB6C-1990CAA8CD02}.Release|x86.ActiveCfg = Release|Any CPU
		{C9A42623-7CCB-406B-BB6C-1990CAA8CD02}.Release|x86.Build.0 = Release|Any CPU
		{89286EB4-B4A1-418C-839A-067B00F442D8}.Debug|Any CPU.ActiveCfg = Debug|Any CPU
		{89286EB4-B4A1-418C-839A-067B00F442D8}.Debug|Any CPU.Build.0 = Debug|Any CPU
		{89286EB4-B4A1-418C-839A-067B00F442D8}.Debug|ARM.ActiveCfg = Debug|Any CPU
		{89286EB4-B4A1-418C-839A-067B00F442D8}.Debug|ARM.Build.0 = Debug|Any CPU
		{89286EB4-B4A1-418C-839A-067B00F442D8}.Debug|x64.ActiveCfg = Debug|Any CPU
		{89286EB4-B4A1-418C-839A-067B00F442D8}.Debug|x64.Build.0 = Debug|Any CPU
		{89286EB4-B4A1-418C-839A-067B00F442D8}.Debug|x86.ActiveCfg = Debug|Any CPU
		{89286EB4-B4A1-418C-839A-067B00F442D8}.Debug|x86.Build.0 = Debug|Any CPU
		{89286EB4-B4A1-418C-839A-067B00F442D8}.Release|Any CPU.ActiveCfg = Release|Any CPU
		{89286EB4-B4A1-418C-839A-067B00F442D8}.Release|Any CPU.Build.0 = Release|Any CPU
		{89286EB4-B4A1-418C-839A-067B00F442D8}.Release|ARM.ActiveCfg = Release|Any CPU
		{89286EB4-B4A1-418C-839A-067B00F442D8}.Release|ARM.Build.0 = Release|Any CPU
		{89286EB4-B4A1-418C-839A-067B00F442D8}.Release|x64.ActiveCfg = Release|Any CPU
		{89286EB4-B4A1-418C-839A-067B00F442D8}.Release|x64.Build.0 = Release|Any CPU
		{89286EB4-B4A1-418C-839A-067B00F442D8}.Release|x86.ActiveCfg = Release|Any CPU
		{89286EB4-B4A1-418C-839A-067B00F442D8}.Release|x86.Build.0 = Release|Any CPU
		{A7193941-6452-45D3-AAEA-F16C7BB00FE9}.Debug|Any CPU.ActiveCfg = Debug
		{A7193941-6452-45D3-AAEA-F16C7BB00FE9}.Debug|ARM.ActiveCfg = Debug
		{A7193941-6452-45D3-AAEA-F16C7BB00FE9}.Debug|ARM.Build.0 = Debug
		{A7193941-6452-45D3-AAEA-F16C7BB00FE9}.Debug|x64.ActiveCfg = Debug
		{A7193941-6452-45D3-AAEA-F16C7BB00FE9}.Debug|x64.Build.0 = Debug
		{A7193941-6452-45D3-AAEA-F16C7BB00FE9}.Debug|x86.ActiveCfg = Debug
		{A7193941-6452-45D3-AAEA-F16C7BB00FE9}.Debug|x86.Build.0 = Debug
		{A7193941-6452-45D3-AAEA-F16C7BB00FE9}.Release|Any CPU.ActiveCfg = Release
		{A7193941-6452-45D3-AAEA-F16C7BB00FE9}.Release|ARM.ActiveCfg = Release
		{A7193941-6452-45D3-AAEA-F16C7BB00FE9}.Release|ARM.Build.0 = Release
		{A7193941-6452-45D3-AAEA-F16C7BB00FE9}.Release|x64.ActiveCfg = Release
		{A7193941-6452-45D3-AAEA-F16C7BB00FE9}.Release|x64.Build.0 = Release
		{A7193941-6452-45D3-AAEA-F16C7BB00FE9}.Release|x86.ActiveCfg = Release
		{A7193941-6452-45D3-AAEA-F16C7BB00FE9}.Release|x86.Build.0 = Release
		{C48B6303-F578-457A-8719-D0BCC63CB528}.Debug|Any CPU.ActiveCfg = Debug|Any CPU
		{C48B6303-F578-457A-8719-D0BCC63CB528}.Debug|Any CPU.Build.0 = Debug|Any CPU
		{C48B6303-F578-457A-8719-D0BCC63CB528}.Debug|ARM.ActiveCfg = Debug|Any CPU
		{C48B6303-F578-457A-8719-D0BCC63CB528}.Debug|ARM.Build.0 = Debug|Any CPU
		{C48B6303-F578-457A-8719-D0BCC63CB528}.Debug|x64.ActiveCfg = Debug|Any CPU
		{C48B6303-F578-457A-8719-D0BCC63CB528}.Debug|x64.Build.0 = Debug|Any CPU
		{C48B6303-F578-457A-8719-D0BCC63CB528}.Debug|x86.ActiveCfg = Debug|Any CPU
		{C48B6303-F578-457A-8719-D0BCC63CB528}.Debug|x86.Build.0 = Debug|Any CPU
		{C48B6303-F578-457A-8719-D0BCC63CB528}.Release|Any CPU.ActiveCfg = Release|Any CPU
		{C48B6303-F578-457A-8719-D0BCC63CB528}.Release|Any CPU.Build.0 = Release|Any CPU
		{C48B6303-F578-457A-8719-D0BCC63CB528}.Release|ARM.ActiveCfg = Release|Any CPU
		{C48B6303-F578-457A-8719-D0BCC63CB528}.Release|ARM.Build.0 = Release|Any CPU
		{C48B6303-F578-457A-8719-D0BCC63CB528}.Release|x64.ActiveCfg = Release|Any CPU
		{C48B6303-F578-457A-8719-D0BCC63CB528}.Release|x64.Build.0 = Release|Any CPU
		{C48B6303-F578-457A-8719-D0BCC63CB528}.Release|x86.ActiveCfg = Release|Any CPU
		{C48B6303-F578-457A-8719-D0BCC63CB528}.Release|x86.Build.0 = Release|Any CPU
		{303EEC5A-AF5E-40B5-8CC8-546D42EC168B}.Debug|Any CPU.ActiveCfg = Debug|Any CPU
		{303EEC5A-AF5E-40B5-8CC8-546D42EC168B}.Debug|Any CPU.Build.0 = Debug|Any CPU
		{303EEC5A-AF5E-40B5-8CC8-546D42EC168B}.Debug|ARM.ActiveCfg = Debug|Any CPU
		{303EEC5A-AF5E-40B5-8CC8-546D42EC168B}.Debug|ARM.Build.0 = Debug|Any CPU
		{303EEC5A-AF5E-40B5-8CC8-546D42EC168B}.Debug|x64.ActiveCfg = Debug|Any CPU
		{303EEC5A-AF5E-40B5-8CC8-546D42EC168B}.Debug|x64.Build.0 = Debug|Any CPU
		{303EEC5A-AF5E-40B5-8CC8-546D42EC168B}.Debug|x86.ActiveCfg = Debug|Any CPU
		{303EEC5A-AF5E-40B5-8CC8-546D42EC168B}.Debug|x86.Build.0 = Debug|Any CPU
		{303EEC5A-AF5E-40B5-8CC8-546D42EC168B}.Release|Any CPU.ActiveCfg = Release|Any CPU
		{303EEC5A-AF5E-40B5-8CC8-546D42EC168B}.Release|Any CPU.Build.0 = Release|Any CPU
		{303EEC5A-AF5E-40B5-8CC8-546D42EC168B}.Release|ARM.ActiveCfg = Release|Any CPU
		{303EEC5A-AF5E-40B5-8CC8-546D42EC168B}.Release|ARM.Build.0 = Release|Any CPU
		{303EEC5A-AF5E-40B5-8CC8-546D42EC168B}.Release|x64.ActiveCfg = Release|Any CPU
		{303EEC5A-AF5E-40B5-8CC8-546D42EC168B}.Release|x64.Build.0 = Release|Any CPU
		{303EEC5A-AF5E-40B5-8CC8-546D42EC168B}.Release|x86.ActiveCfg = Release|Any CPU
		{303EEC5A-AF5E-40B5-8CC8-546D42EC168B}.Release|x86.Build.0 = Release|Any CPU
		{A265BE75-DBBB-4649-A9B2-6A23FF5F08EC}.Debug|Any CPU.ActiveCfg = Debug|Any CPU
		{A265BE75-DBBB-4649-A9B2-6A23FF5F08EC}.Debug|Any CPU.Build.0 = Debug|Any CPU
		{A265BE75-DBBB-4649-A9B2-6A23FF5F08EC}.Debug|ARM.ActiveCfg = Debug|Any CPU
		{A265BE75-DBBB-4649-A9B2-6A23FF5F08EC}.Debug|ARM.Build.0 = Debug|Any CPU
		{A265BE75-DBBB-4649-A9B2-6A23FF5F08EC}.Debug|x64.ActiveCfg = Debug|Any CPU
		{A265BE75-DBBB-4649-A9B2-6A23FF5F08EC}.Debug|x64.Build.0 = Debug|Any CPU
		{A265BE75-DBBB-4649-A9B2-6A23FF5F08EC}.Debug|x86.ActiveCfg = Debug|Any CPU
		{A265BE75-DBBB-4649-A9B2-6A23FF5F08EC}.Debug|x86.Build.0 = Debug|Any CPU
		{A265BE75-DBBB-4649-A9B2-6A23FF5F08EC}.Release|Any CPU.ActiveCfg = Release|Any CPU
		{A265BE75-DBBB-4649-A9B2-6A23FF5F08EC}.Release|Any CPU.Build.0 = Release|Any CPU
		{A265BE75-DBBB-4649-A9B2-6A23FF5F08EC}.Release|ARM.ActiveCfg = Release|Any CPU
		{A265BE75-DBBB-4649-A9B2-6A23FF5F08EC}.Release|ARM.Build.0 = Release|Any CPU
		{A265BE75-DBBB-4649-A9B2-6A23FF5F08EC}.Release|x64.ActiveCfg = Release|Any CPU
		{A265BE75-DBBB-4649-A9B2-6A23FF5F08EC}.Release|x64.Build.0 = Release|Any CPU
		{A265BE75-DBBB-4649-A9B2-6A23FF5F08EC}.Release|x86.ActiveCfg = Release|Any CPU
		{A265BE75-DBBB-4649-A9B2-6A23FF5F08EC}.Release|x86.Build.0 = Release|Any CPU
		{BEDC618F-2497-4142-85B6-3B686B853DC1}.Debug|Any CPU.ActiveCfg = Debug|Any CPU
		{BEDC618F-2497-4142-85B6-3B686B853DC1}.Debug|Any CPU.Build.0 = Debug|Any CPU
		{BEDC618F-2497-4142-85B6-3B686B853DC1}.Debug|ARM.ActiveCfg = Debug|Any CPU
		{BEDC618F-2497-4142-85B6-3B686B853DC1}.Debug|ARM.Build.0 = Debug|Any CPU
		{BEDC618F-2497-4142-85B6-3B686B853DC1}.Debug|x64.ActiveCfg = Debug|Any CPU
		{BEDC618F-2497-4142-85B6-3B686B853DC1}.Debug|x64.Build.0 = Debug|Any CPU
		{BEDC618F-2497-4142-85B6-3B686B853DC1}.Debug|x86.ActiveCfg = Debug|Any CPU
		{BEDC618F-2497-4142-85B6-3B686B853DC1}.Debug|x86.Build.0 = Debug|Any CPU
		{BEDC618F-2497-4142-85B6-3B686B853DC1}.Release|Any CPU.ActiveCfg = Release|Any CPU
		{BEDC618F-2497-4142-85B6-3B686B853DC1}.Release|Any CPU.Build.0 = Release|Any CPU
		{BEDC618F-2497-4142-85B6-3B686B853DC1}.Release|ARM.ActiveCfg = Release|Any CPU
		{BEDC618F-2497-4142-85B6-3B686B853DC1}.Release|ARM.Build.0 = Release|Any CPU
		{BEDC618F-2497-4142-85B6-3B686B853DC1}.Release|x64.ActiveCfg = Release|Any CPU
		{BEDC618F-2497-4142-85B6-3B686B853DC1}.Release|x64.Build.0 = Release|Any CPU
		{BEDC618F-2497-4142-85B6-3B686B853DC1}.Release|x86.ActiveCfg = Release|Any CPU
		{BEDC618F-2497-4142-85B6-3B686B853DC1}.Release|x86.Build.0 = Release|Any CPU
		{1D97ECDA-D9E1-4FE0-981B-C865A4373EA9}.Debug|Any CPU.ActiveCfg = Debug|Any CPU
		{1D97ECDA-D9E1-4FE0-981B-C865A4373EA9}.Debug|Any CPU.Build.0 = Debug|Any CPU
		{1D97ECDA-D9E1-4FE0-981B-C865A4373EA9}.Debug|ARM.ActiveCfg = Debug|Any CPU
		{1D97ECDA-D9E1-4FE0-981B-C865A4373EA9}.Debug|ARM.Build.0 = Debug|Any CPU
		{1D97ECDA-D9E1-4FE0-981B-C865A4373EA9}.Debug|x64.ActiveCfg = Debug|Any CPU
		{1D97ECDA-D9E1-4FE0-981B-C865A4373EA9}.Debug|x64.Build.0 = Debug|Any CPU
		{1D97ECDA-D9E1-4FE0-981B-C865A4373EA9}.Debug|x86.ActiveCfg = Debug|Any CPU
		{1D97ECDA-D9E1-4FE0-981B-C865A4373EA9}.Debug|x86.Build.0 = Debug|Any CPU
		{1D97ECDA-D9E1-4FE0-981B-C865A4373EA9}.Release|Any CPU.ActiveCfg = Release|Any CPU
		{1D97ECDA-D9E1-4FE0-981B-C865A4373EA9}.Release|Any CPU.Build.0 = Release|Any CPU
		{1D97ECDA-D9E1-4FE0-981B-C865A4373EA9}.Release|ARM.ActiveCfg = Release|Any CPU
		{1D97ECDA-D9E1-4FE0-981B-C865A4373EA9}.Release|ARM.Build.0 = Release|Any CPU
		{1D97ECDA-D9E1-4FE0-981B-C865A4373EA9}.Release|x64.ActiveCfg = Release|Any CPU
		{1D97ECDA-D9E1-4FE0-981B-C865A4373EA9}.Release|x64.Build.0 = Release|Any CPU
		{1D97ECDA-D9E1-4FE0-981B-C865A4373EA9}.Release|x86.ActiveCfg = Release|Any CPU
		{1D97ECDA-D9E1-4FE0-981B-C865A4373EA9}.Release|x86.Build.0 = Release|Any CPU
		{ED4769D3-ABFA-4BB5-92B8-C3D0B38F29D1}.Debug|Any CPU.ActiveCfg = Debug|Any CPU
		{ED4769D3-ABFA-4BB5-92B8-C3D0B38F29D1}.Debug|Any CPU.Build.0 = Debug|Any CPU
		{ED4769D3-ABFA-4BB5-92B8-C3D0B38F29D1}.Debug|ARM.ActiveCfg = Debug|Any CPU
		{ED4769D3-ABFA-4BB5-92B8-C3D0B38F29D1}.Debug|ARM.Build.0 = Debug|Any CPU
		{ED4769D3-ABFA-4BB5-92B8-C3D0B38F29D1}.Debug|x64.ActiveCfg = Debug|Any CPU
		{ED4769D3-ABFA-4BB5-92B8-C3D0B38F29D1}.Debug|x64.Build.0 = Debug|Any CPU
		{ED4769D3-ABFA-4BB5-92B8-C3D0B38F29D1}.Debug|x86.ActiveCfg = Debug|Any CPU
		{ED4769D3-ABFA-4BB5-92B8-C3D0B38F29D1}.Debug|x86.Build.0 = Debug|Any CPU
		{ED4769D3-ABFA-4BB5-92B8-C3D0B38F29D1}.Release|Any CPU.ActiveCfg = Release|Any CPU
		{ED4769D3-ABFA-4BB5-92B8-C3D0B38F29D1}.Release|Any CPU.Build.0 = Release|Any CPU
		{ED4769D3-ABFA-4BB5-92B8-C3D0B38F29D1}.Release|ARM.ActiveCfg = Release|Any CPU
		{ED4769D3-ABFA-4BB5-92B8-C3D0B38F29D1}.Release|ARM.Build.0 = Release|Any CPU
		{ED4769D3-ABFA-4BB5-92B8-C3D0B38F29D1}.Release|x64.ActiveCfg = Release|Any CPU
		{ED4769D3-ABFA-4BB5-92B8-C3D0B38F29D1}.Release|x64.Build.0 = Release|Any CPU
		{ED4769D3-ABFA-4BB5-92B8-C3D0B38F29D1}.Release|x86.ActiveCfg = Release|Any CPU
		{ED4769D3-ABFA-4BB5-92B8-C3D0B38F29D1}.Release|x86.Build.0 = Release|Any CPU
		{324FDAFB-B534-46F0-A3FF-6F65071D3946}.Debug|Any CPU.ActiveCfg = Debug|Any CPU
		{324FDAFB-B534-46F0-A3FF-6F65071D3946}.Debug|Any CPU.Build.0 = Debug|Any CPU
		{324FDAFB-B534-46F0-A3FF-6F65071D3946}.Debug|ARM.ActiveCfg = Debug|Any CPU
		{324FDAFB-B534-46F0-A3FF-6F65071D3946}.Debug|ARM.Build.0 = Debug|Any CPU
		{324FDAFB-B534-46F0-A3FF-6F65071D3946}.Debug|x64.ActiveCfg = Debug|Any CPU
		{324FDAFB-B534-46F0-A3FF-6F65071D3946}.Debug|x64.Build.0 = Debug|Any CPU
		{324FDAFB-B534-46F0-A3FF-6F65071D3946}.Debug|x86.ActiveCfg = Debug|Any CPU
		{324FDAFB-B534-46F0-A3FF-6F65071D3946}.Debug|x86.Build.0 = Debug|Any CPU
		{324FDAFB-B534-46F0-A3FF-6F65071D3946}.Release|Any CPU.ActiveCfg = Release|Any CPU
		{324FDAFB-B534-46F0-A3FF-6F65071D3946}.Release|Any CPU.Build.0 = Release|Any CPU
		{324FDAFB-B534-46F0-A3FF-6F65071D3946}.Release|ARM.ActiveCfg = Release|Any CPU
		{324FDAFB-B534-46F0-A3FF-6F65071D3946}.Release|ARM.Build.0 = Release|Any CPU
		{324FDAFB-B534-46F0-A3FF-6F65071D3946}.Release|x64.ActiveCfg = Release|Any CPU
		{324FDAFB-B534-46F0-A3FF-6F65071D3946}.Release|x64.Build.0 = Release|Any CPU
		{324FDAFB-B534-46F0-A3FF-6F65071D3946}.Release|x86.ActiveCfg = Release|Any CPU
		{324FDAFB-B534-46F0-A3FF-6F65071D3946}.Release|x86.Build.0 = Release|Any CPU
		{DF094E9B-3394-4C01-948E-FFE39B9BACC9}.Debug|Any CPU.ActiveCfg = Debug|Any CPU
		{DF094E9B-3394-4C01-948E-FFE39B9BACC9}.Debug|Any CPU.Build.0 = Debug|Any CPU
		{DF094E9B-3394-4C01-948E-FFE39B9BACC9}.Debug|ARM.ActiveCfg = Debug|Any CPU
		{DF094E9B-3394-4C01-948E-FFE39B9BACC9}.Debug|ARM.Build.0 = Debug|Any CPU
		{DF094E9B-3394-4C01-948E-FFE39B9BACC9}.Debug|x64.ActiveCfg = Debug|Any CPU
		{DF094E9B-3394-4C01-948E-FFE39B9BACC9}.Debug|x64.Build.0 = Debug|Any CPU
		{DF094E9B-3394-4C01-948E-FFE39B9BACC9}.Debug|x86.ActiveCfg = Debug|Any CPU
		{DF094E9B-3394-4C01-948E-FFE39B9BACC9}.Debug|x86.Build.0 = Debug|Any CPU
		{DF094E9B-3394-4C01-948E-FFE39B9BACC9}.Release|Any CPU.ActiveCfg = Release|Any CPU
		{DF094E9B-3394-4C01-948E-FFE39B9BACC9}.Release|Any CPU.Build.0 = Release|Any CPU
		{DF094E9B-3394-4C01-948E-FFE39B9BACC9}.Release|ARM.ActiveCfg = Release|Any CPU
		{DF094E9B-3394-4C01-948E-FFE39B9BACC9}.Release|ARM.Build.0 = Release|Any CPU
		{DF094E9B-3394-4C01-948E-FFE39B9BACC9}.Release|x64.ActiveCfg = Release|Any CPU
		{DF094E9B-3394-4C01-948E-FFE39B9BACC9}.Release|x64.Build.0 = Release|Any CPU
		{DF094E9B-3394-4C01-948E-FFE39B9BACC9}.Release|x86.ActiveCfg = Release|Any CPU
		{DF094E9B-3394-4C01-948E-FFE39B9BACC9}.Release|x86.Build.0 = Release|Any CPU
		{90A643B1-09A2-46D1-BB50-B0D7F7E98AE7}.Debug|Any CPU.ActiveCfg = Debug|Any CPU
		{90A643B1-09A2-46D1-BB50-B0D7F7E98AE7}.Debug|Any CPU.Build.0 = Debug|Any CPU
		{90A643B1-09A2-46D1-BB50-B0D7F7E98AE7}.Debug|ARM.ActiveCfg = Debug|Any CPU
		{90A643B1-09A2-46D1-BB50-B0D7F7E98AE7}.Debug|ARM.Build.0 = Debug|Any CPU
		{90A643B1-09A2-46D1-BB50-B0D7F7E98AE7}.Debug|x64.ActiveCfg = Debug|Any CPU
		{90A643B1-09A2-46D1-BB50-B0D7F7E98AE7}.Debug|x64.Build.0 = Debug|Any CPU
		{90A643B1-09A2-46D1-BB50-B0D7F7E98AE7}.Debug|x86.ActiveCfg = Debug|Any CPU
		{90A643B1-09A2-46D1-BB50-B0D7F7E98AE7}.Debug|x86.Build.0 = Debug|Any CPU
		{90A643B1-09A2-46D1-BB50-B0D7F7E98AE7}.Release|Any CPU.ActiveCfg = Release|Any CPU
		{90A643B1-09A2-46D1-BB50-B0D7F7E98AE7}.Release|Any CPU.Build.0 = Release|Any CPU
		{90A643B1-09A2-46D1-BB50-B0D7F7E98AE7}.Release|ARM.ActiveCfg = Release|Any CPU
		{90A643B1-09A2-46D1-BB50-B0D7F7E98AE7}.Release|ARM.Build.0 = Release|Any CPU
		{90A643B1-09A2-46D1-BB50-B0D7F7E98AE7}.Release|x64.ActiveCfg = Release|Any CPU
		{90A643B1-09A2-46D1-BB50-B0D7F7E98AE7}.Release|x64.Build.0 = Release|Any CPU
		{90A643B1-09A2-46D1-BB50-B0D7F7E98AE7}.Release|x86.ActiveCfg = Release|Any CPU
		{90A643B1-09A2-46D1-BB50-B0D7F7E98AE7}.Release|x86.Build.0 = Release|Any CPU
		{AD4057D2-F609-4BEA-877C-0E5CAD0CE5A9}.Debug|Any CPU.ActiveCfg = Debug|Any CPU
		{AD4057D2-F609-4BEA-877C-0E5CAD0CE5A9}.Debug|Any CPU.Build.0 = Debug|Any CPU
		{AD4057D2-F609-4BEA-877C-0E5CAD0CE5A9}.Debug|ARM.ActiveCfg = Debug|Any CPU
		{AD4057D2-F609-4BEA-877C-0E5CAD0CE5A9}.Debug|ARM.Build.0 = Debug|Any CPU
		{AD4057D2-F609-4BEA-877C-0E5CAD0CE5A9}.Debug|x64.ActiveCfg = Debug|Any CPU
		{AD4057D2-F609-4BEA-877C-0E5CAD0CE5A9}.Debug|x64.Build.0 = Debug|Any CPU
		{AD4057D2-F609-4BEA-877C-0E5CAD0CE5A9}.Debug|x86.ActiveCfg = Debug|Any CPU
		{AD4057D2-F609-4BEA-877C-0E5CAD0CE5A9}.Debug|x86.Build.0 = Debug|Any CPU
		{AD4057D2-F609-4BEA-877C-0E5CAD0CE5A9}.Release|Any CPU.ActiveCfg = Release|Any CPU
		{AD4057D2-F609-4BEA-877C-0E5CAD0CE5A9}.Release|Any CPU.Build.0 = Release|Any CPU
		{AD4057D2-F609-4BEA-877C-0E5CAD0CE5A9}.Release|ARM.ActiveCfg = Release|Any CPU
		{AD4057D2-F609-4BEA-877C-0E5CAD0CE5A9}.Release|ARM.Build.0 = Release|Any CPU
		{AD4057D2-F609-4BEA-877C-0E5CAD0CE5A9}.Release|x64.ActiveCfg = Release|Any CPU
		{AD4057D2-F609-4BEA-877C-0E5CAD0CE5A9}.Release|x64.Build.0 = Release|Any CPU
		{AD4057D2-F609-4BEA-877C-0E5CAD0CE5A9}.Release|x86.ActiveCfg = Release|Any CPU
		{AD4057D2-F609-4BEA-877C-0E5CAD0CE5A9}.Release|x86.Build.0 = Release|Any CPU
		{D8C596F7-BB98-4CBB-8095-09B14D1078C7}.Debug|Any CPU.ActiveCfg = Debug|Any CPU
		{D8C596F7-BB98-4CBB-8095-09B14D1078C7}.Debug|Any CPU.Build.0 = Debug|Any CPU
		{D8C596F7-BB98-4CBB-8095-09B14D1078C7}.Debug|ARM.ActiveCfg = Debug|Any CPU
		{D8C596F7-BB98-4CBB-8095-09B14D1078C7}.Debug|ARM.Build.0 = Debug|Any CPU
		{D8C596F7-BB98-4CBB-8095-09B14D1078C7}.Debug|x64.ActiveCfg = Debug|Any CPU
		{D8C596F7-BB98-4CBB-8095-09B14D1078C7}.Debug|x64.Build.0 = Debug|Any CPU
		{D8C596F7-BB98-4CBB-8095-09B14D1078C7}.Debug|x86.ActiveCfg = Debug|Any CPU
		{D8C596F7-BB98-4CBB-8095-09B14D1078C7}.Debug|x86.Build.0 = Debug|Any CPU
		{D8C596F7-BB98-4CBB-8095-09B14D1078C7}.Release|Any CPU.ActiveCfg = Release|Any CPU
		{D8C596F7-BB98-4CBB-8095-09B14D1078C7}.Release|Any CPU.Build.0 = Release|Any CPU
		{D8C596F7-BB98-4CBB-8095-09B14D1078C7}.Release|ARM.ActiveCfg = Release|Any CPU
		{D8C596F7-BB98-4CBB-8095-09B14D1078C7}.Release|ARM.Build.0 = Release|Any CPU
		{D8C596F7-BB98-4CBB-8095-09B14D1078C7}.Release|x64.ActiveCfg = Release|Any CPU
		{D8C596F7-BB98-4CBB-8095-09B14D1078C7}.Release|x64.Build.0 = Release|Any CPU
		{D8C596F7-BB98-4CBB-8095-09B14D1078C7}.Release|x86.ActiveCfg = Release|Any CPU
		{D8C596F7-BB98-4CBB-8095-09B14D1078C7}.Release|x86.Build.0 = Release|Any CPU
		{B6612D08-63AD-4111-94F0-310DD5ECB78E}.Debug|Any CPU.ActiveCfg = Debug|Any CPU
		{B6612D08-63AD-4111-94F0-310DD5ECB78E}.Debug|Any CPU.Build.0 = Debug|Any CPU
		{B6612D08-63AD-4111-94F0-310DD5ECB78E}.Debug|ARM.ActiveCfg = Debug|Any CPU
		{B6612D08-63AD-4111-94F0-310DD5ECB78E}.Debug|ARM.Build.0 = Debug|Any CPU
		{B6612D08-63AD-4111-94F0-310DD5ECB78E}.Debug|x64.ActiveCfg = Debug|Any CPU
		{B6612D08-63AD-4111-94F0-310DD5ECB78E}.Debug|x64.Build.0 = Debug|Any CPU
		{B6612D08-63AD-4111-94F0-310DD5ECB78E}.Debug|x86.ActiveCfg = Debug|Any CPU
		{B6612D08-63AD-4111-94F0-310DD5ECB78E}.Debug|x86.Build.0 = Debug|Any CPU
		{B6612D08-63AD-4111-94F0-310DD5ECB78E}.Release|Any CPU.ActiveCfg = Release|Any CPU
		{B6612D08-63AD-4111-94F0-310DD5ECB78E}.Release|Any CPU.Build.0 = Release|Any CPU
		{B6612D08-63AD-4111-94F0-310DD5ECB78E}.Release|ARM.ActiveCfg = Release|Any CPU
		{B6612D08-63AD-4111-94F0-310DD5ECB78E}.Release|ARM.Build.0 = Release|Any CPU
		{B6612D08-63AD-4111-94F0-310DD5ECB78E}.Release|x64.ActiveCfg = Release|Any CPU
		{B6612D08-63AD-4111-94F0-310DD5ECB78E}.Release|x64.Build.0 = Release|Any CPU
		{B6612D08-63AD-4111-94F0-310DD5ECB78E}.Release|x86.ActiveCfg = Release|Any CPU
		{B6612D08-63AD-4111-94F0-310DD5ECB78E}.Release|x86.Build.0 = Release|Any CPU
		{0E372A18-C200-41EC-8B80-75D17BB5CFBE}.Debug|Any CPU.ActiveCfg = Debug|Any CPU
		{0E372A18-C200-41EC-8B80-75D17BB5CFBE}.Debug|Any CPU.Build.0 = Debug|Any CPU
		{0E372A18-C200-41EC-8B80-75D17BB5CFBE}.Debug|ARM.ActiveCfg = Debug|Any CPU
		{0E372A18-C200-41EC-8B80-75D17BB5CFBE}.Debug|ARM.Build.0 = Debug|Any CPU
		{0E372A18-C200-41EC-8B80-75D17BB5CFBE}.Debug|x64.ActiveCfg = Debug|Any CPU
		{0E372A18-C200-41EC-8B80-75D17BB5CFBE}.Debug|x64.Build.0 = Debug|Any CPU
		{0E372A18-C200-41EC-8B80-75D17BB5CFBE}.Debug|x86.ActiveCfg = Debug|Any CPU
		{0E372A18-C200-41EC-8B80-75D17BB5CFBE}.Debug|x86.Build.0 = Debug|Any CPU
		{0E372A18-C200-41EC-8B80-75D17BB5CFBE}.Release|Any CPU.ActiveCfg = Release|Any CPU
		{0E372A18-C200-41EC-8B80-75D17BB5CFBE}.Release|Any CPU.Build.0 = Release|Any CPU
		{0E372A18-C200-41EC-8B80-75D17BB5CFBE}.Release|ARM.ActiveCfg = Release|Any CPU
		{0E372A18-C200-41EC-8B80-75D17BB5CFBE}.Release|ARM.Build.0 = Release|Any CPU
		{0E372A18-C200-41EC-8B80-75D17BB5CFBE}.Release|x64.ActiveCfg = Release|Any CPU
		{0E372A18-C200-41EC-8B80-75D17BB5CFBE}.Release|x64.Build.0 = Release|Any CPU
		{0E372A18-C200-41EC-8B80-75D17BB5CFBE}.Release|x86.ActiveCfg = Release|Any CPU
		{0E372A18-C200-41EC-8B80-75D17BB5CFBE}.Release|x86.Build.0 = Release|Any CPU
		{F00706B8-457D-4C19-BAEA-88402B47EA80}.Debug|Any CPU.ActiveCfg = Debug|Any CPU
		{F00706B8-457D-4C19-BAEA-88402B47EA80}.Debug|Any CPU.Build.0 = Debug|Any CPU
		{F00706B8-457D-4C19-BAEA-88402B47EA80}.Debug|ARM.ActiveCfg = Debug|Any CPU
		{F00706B8-457D-4C19-BAEA-88402B47EA80}.Debug|ARM.Build.0 = Debug|Any CPU
		{F00706B8-457D-4C19-BAEA-88402B47EA80}.Debug|x64.ActiveCfg = Debug|Any CPU
		{F00706B8-457D-4C19-BAEA-88402B47EA80}.Debug|x64.Build.0 = Debug|Any CPU
		{F00706B8-457D-4C19-BAEA-88402B47EA80}.Debug|x86.ActiveCfg = Debug|Any CPU
		{F00706B8-457D-4C19-BAEA-88402B47EA80}.Debug|x86.Build.0 = Debug|Any CPU
		{F00706B8-457D-4C19-BAEA-88402B47EA80}.Release|Any CPU.ActiveCfg = Release|Any CPU
		{F00706B8-457D-4C19-BAEA-88402B47EA80}.Release|Any CPU.Build.0 = Release|Any CPU
		{F00706B8-457D-4C19-BAEA-88402B47EA80}.Release|ARM.ActiveCfg = Release|Any CPU
		{F00706B8-457D-4C19-BAEA-88402B47EA80}.Release|ARM.Build.0 = Release|Any CPU
		{F00706B8-457D-4C19-BAEA-88402B47EA80}.Release|x64.ActiveCfg = Release|Any CPU
		{F00706B8-457D-4C19-BAEA-88402B47EA80}.Release|x64.Build.0 = Release|Any CPU
		{F00706B8-457D-4C19-BAEA-88402B47EA80}.Release|x86.ActiveCfg = Release|Any CPU
		{F00706B8-457D-4C19-BAEA-88402B47EA80}.Release|x86.Build.0 = Release|Any CPU
		{F26883A8-9EF7-4CFE-8403-B604718B9E80}.Debug|Any CPU.ActiveCfg = Debug|Any CPU
		{F26883A8-9EF7-4CFE-8403-B604718B9E80}.Debug|Any CPU.Build.0 = Debug|Any CPU
		{F26883A8-9EF7-4CFE-8403-B604718B9E80}.Debug|ARM.ActiveCfg = Debug|Any CPU
		{F26883A8-9EF7-4CFE-8403-B604718B9E80}.Debug|ARM.Build.0 = Debug|Any CPU
		{F26883A8-9EF7-4CFE-8403-B604718B9E80}.Debug|x64.ActiveCfg = Debug|Any CPU
		{F26883A8-9EF7-4CFE-8403-B604718B9E80}.Debug|x64.Build.0 = Debug|Any CPU
		{F26883A8-9EF7-4CFE-8403-B604718B9E80}.Debug|x86.ActiveCfg = Debug|Any CPU
		{F26883A8-9EF7-4CFE-8403-B604718B9E80}.Debug|x86.Build.0 = Debug|Any CPU
		{F26883A8-9EF7-4CFE-8403-B604718B9E80}.Release|Any CPU.ActiveCfg = Release|Any CPU
		{F26883A8-9EF7-4CFE-8403-B604718B9E80}.Release|Any CPU.Build.0 = Release|Any CPU
		{F26883A8-9EF7-4CFE-8403-B604718B9E80}.Release|ARM.ActiveCfg = Release|Any CPU
		{F26883A8-9EF7-4CFE-8403-B604718B9E80}.Release|ARM.Build.0 = Release|Any CPU
		{F26883A8-9EF7-4CFE-8403-B604718B9E80}.Release|x64.ActiveCfg = Release|Any CPU
		{F26883A8-9EF7-4CFE-8403-B604718B9E80}.Release|x64.Build.0 = Release|Any CPU
		{F26883A8-9EF7-4CFE-8403-B604718B9E80}.Release|x86.ActiveCfg = Release|Any CPU
		{F26883A8-9EF7-4CFE-8403-B604718B9E80}.Release|x86.Build.0 = Release|Any CPU
		{6C83C95E-6309-4F20-A001-92C48BA69C83}.Debug|Any CPU.ActiveCfg = Debug|Any CPU
		{6C83C95E-6309-4F20-A001-92C48BA69C83}.Debug|Any CPU.Build.0 = Debug|Any CPU
		{6C83C95E-6309-4F20-A001-92C48BA69C83}.Debug|ARM.ActiveCfg = Debug|Any CPU
		{6C83C95E-6309-4F20-A001-92C48BA69C83}.Debug|ARM.Build.0 = Debug|Any CPU
		{6C83C95E-6309-4F20-A001-92C48BA69C83}.Debug|x64.ActiveCfg = Debug|Any CPU
		{6C83C95E-6309-4F20-A001-92C48BA69C83}.Debug|x64.Build.0 = Debug|Any CPU
		{6C83C95E-6309-4F20-A001-92C48BA69C83}.Debug|x86.ActiveCfg = Debug|Any CPU
		{6C83C95E-6309-4F20-A001-92C48BA69C83}.Debug|x86.Build.0 = Debug|Any CPU
		{6C83C95E-6309-4F20-A001-92C48BA69C83}.Release|Any CPU.ActiveCfg = Release|Any CPU
		{6C83C95E-6309-4F20-A001-92C48BA69C83}.Release|Any CPU.Build.0 = Release|Any CPU
		{6C83C95E-6309-4F20-A001-92C48BA69C83}.Release|ARM.ActiveCfg = Release|Any CPU
		{6C83C95E-6309-4F20-A001-92C48BA69C83}.Release|ARM.Build.0 = Release|Any CPU
		{6C83C95E-6309-4F20-A001-92C48BA69C83}.Release|x64.ActiveCfg = Release|Any CPU
		{6C83C95E-6309-4F20-A001-92C48BA69C83}.Release|x64.Build.0 = Release|Any CPU
		{6C83C95E-6309-4F20-A001-92C48BA69C83}.Release|x86.ActiveCfg = Release|Any CPU
		{6C83C95E-6309-4F20-A001-92C48BA69C83}.Release|x86.Build.0 = Release|Any CPU
		{B8FA5B9A-DE55-4094-A257-50EDEF0DECD1}.Debug|Any CPU.ActiveCfg = Debug|Any CPU
		{B8FA5B9A-DE55-4094-A257-50EDEF0DECD1}.Debug|Any CPU.Build.0 = Debug|Any CPU
		{B8FA5B9A-DE55-4094-A257-50EDEF0DECD1}.Debug|ARM.ActiveCfg = Debug|Any CPU
		{B8FA5B9A-DE55-4094-A257-50EDEF0DECD1}.Debug|ARM.Build.0 = Debug|Any CPU
		{B8FA5B9A-DE55-4094-A257-50EDEF0DECD1}.Debug|x64.ActiveCfg = Debug|Any CPU
		{B8FA5B9A-DE55-4094-A257-50EDEF0DECD1}.Debug|x64.Build.0 = Debug|Any CPU
		{B8FA5B9A-DE55-4094-A257-50EDEF0DECD1}.Debug|x86.ActiveCfg = Debug|Any CPU
		{B8FA5B9A-DE55-4094-A257-50EDEF0DECD1}.Debug|x86.Build.0 = Debug|Any CPU
		{B8FA5B9A-DE55-4094-A257-50EDEF0DECD1}.Release|Any CPU.ActiveCfg = Release|Any CPU
		{B8FA5B9A-DE55-4094-A257-50EDEF0DECD1}.Release|Any CPU.Build.0 = Release|Any CPU
		{B8FA5B9A-DE55-4094-A257-50EDEF0DECD1}.Release|ARM.ActiveCfg = Release|Any CPU
		{B8FA5B9A-DE55-4094-A257-50EDEF0DECD1}.Release|ARM.Build.0 = Release|Any CPU
		{B8FA5B9A-DE55-4094-A257-50EDEF0DECD1}.Release|x64.ActiveCfg = Release|Any CPU
		{B8FA5B9A-DE55-4094-A257-50EDEF0DECD1}.Release|x64.Build.0 = Release|Any CPU
		{B8FA5B9A-DE55-4094-A257-50EDEF0DECD1}.Release|x86.ActiveCfg = Release|Any CPU
		{B8FA5B9A-DE55-4094-A257-50EDEF0DECD1}.Release|x86.Build.0 = Release|Any CPU
		{2A389F7C-84EC-43F4-97B4-106C5CB5FDD2}.Debug|Any CPU.ActiveCfg = Debug|Any CPU
		{2A389F7C-84EC-43F4-97B4-106C5CB5FDD2}.Debug|Any CPU.Build.0 = Debug|Any CPU
		{2A389F7C-84EC-43F4-97B4-106C5CB5FDD2}.Debug|ARM.ActiveCfg = Debug|Any CPU
		{2A389F7C-84EC-43F4-97B4-106C5CB5FDD2}.Debug|ARM.Build.0 = Debug|Any CPU
		{2A389F7C-84EC-43F4-97B4-106C5CB5FDD2}.Debug|x64.ActiveCfg = Debug|Any CPU
		{2A389F7C-84EC-43F4-97B4-106C5CB5FDD2}.Debug|x64.Build.0 = Debug|Any CPU
		{2A389F7C-84EC-43F4-97B4-106C5CB5FDD2}.Debug|x86.ActiveCfg = Debug|Any CPU
		{2A389F7C-84EC-43F4-97B4-106C5CB5FDD2}.Debug|x86.Build.0 = Debug|Any CPU
		{2A389F7C-84EC-43F4-97B4-106C5CB5FDD2}.Release|Any CPU.ActiveCfg = Release|Any CPU
		{2A389F7C-84EC-43F4-97B4-106C5CB5FDD2}.Release|Any CPU.Build.0 = Release|Any CPU
		{2A389F7C-84EC-43F4-97B4-106C5CB5FDD2}.Release|ARM.ActiveCfg = Release|Any CPU
		{2A389F7C-84EC-43F4-97B4-106C5CB5FDD2}.Release|ARM.Build.0 = Release|Any CPU
		{2A389F7C-84EC-43F4-97B4-106C5CB5FDD2}.Release|x64.ActiveCfg = Release|Any CPU
		{2A389F7C-84EC-43F4-97B4-106C5CB5FDD2}.Release|x64.Build.0 = Release|Any CPU
		{2A389F7C-84EC-43F4-97B4-106C5CB5FDD2}.Release|x86.ActiveCfg = Release|Any CPU
		{2A389F7C-84EC-43F4-97B4-106C5CB5FDD2}.Release|x86.Build.0 = Release|Any CPU
		{3323BF91-DDBC-4931-B5FD-D20C587065F1}.Debug|Any CPU.ActiveCfg = Debug|Any CPU
		{3323BF91-DDBC-4931-B5FD-D20C587065F1}.Debug|Any CPU.Build.0 = Debug|Any CPU
		{3323BF91-DDBC-4931-B5FD-D20C587065F1}.Debug|ARM.ActiveCfg = Debug|Any CPU
		{3323BF91-DDBC-4931-B5FD-D20C587065F1}.Debug|ARM.Build.0 = Debug|Any CPU
		{3323BF91-DDBC-4931-B5FD-D20C587065F1}.Debug|x64.ActiveCfg = Debug|Any CPU
		{3323BF91-DDBC-4931-B5FD-D20C587065F1}.Debug|x64.Build.0 = Debug|Any CPU
		{3323BF91-DDBC-4931-B5FD-D20C587065F1}.Debug|x86.ActiveCfg = Debug|Any CPU
		{3323BF91-DDBC-4931-B5FD-D20C587065F1}.Debug|x86.Build.0 = Debug|Any CPU
		{3323BF91-DDBC-4931-B5FD-D20C587065F1}.Release|Any CPU.ActiveCfg = Release|Any CPU
		{3323BF91-DDBC-4931-B5FD-D20C587065F1}.Release|Any CPU.Build.0 = Release|Any CPU
		{3323BF91-DDBC-4931-B5FD-D20C587065F1}.Release|ARM.ActiveCfg = Release|Any CPU
		{3323BF91-DDBC-4931-B5FD-D20C587065F1}.Release|ARM.Build.0 = Release|Any CPU
		{3323BF91-DDBC-4931-B5FD-D20C587065F1}.Release|x64.ActiveCfg = Release|Any CPU
		{3323BF91-DDBC-4931-B5FD-D20C587065F1}.Release|x64.Build.0 = Release|Any CPU
		{3323BF91-DDBC-4931-B5FD-D20C587065F1}.Release|x86.ActiveCfg = Release|Any CPU
		{3323BF91-DDBC-4931-B5FD-D20C587065F1}.Release|x86.Build.0 = Release|Any CPU
		{C9BE66A5-132A-4AD9-B3C9-7AAAE75C3366}.Debug|Any CPU.ActiveCfg = Debug|Any CPU
		{C9BE66A5-132A-4AD9-B3C9-7AAAE75C3366}.Debug|Any CPU.Build.0 = Debug|Any CPU
		{C9BE66A5-132A-4AD9-B3C9-7AAAE75C3366}.Debug|ARM.ActiveCfg = Debug|Any CPU
		{C9BE66A5-132A-4AD9-B3C9-7AAAE75C3366}.Debug|ARM.Build.0 = Debug|Any CPU
		{C9BE66A5-132A-4AD9-B3C9-7AAAE75C3366}.Debug|x64.ActiveCfg = Debug|Any CPU
		{C9BE66A5-132A-4AD9-B3C9-7AAAE75C3366}.Debug|x64.Build.0 = Debug|Any CPU
		{C9BE66A5-132A-4AD9-B3C9-7AAAE75C3366}.Debug|x86.ActiveCfg = Debug|Any CPU
		{C9BE66A5-132A-4AD9-B3C9-7AAAE75C3366}.Debug|x86.Build.0 = Debug|Any CPU
		{C9BE66A5-132A-4AD9-B3C9-7AAAE75C3366}.Release|Any CPU.ActiveCfg = Release|Any CPU
		{C9BE66A5-132A-4AD9-B3C9-7AAAE75C3366}.Release|Any CPU.Build.0 = Release|Any CPU
		{C9BE66A5-132A-4AD9-B3C9-7AAAE75C3366}.Release|ARM.ActiveCfg = Release|Any CPU
		{C9BE66A5-132A-4AD9-B3C9-7AAAE75C3366}.Release|ARM.Build.0 = Release|Any CPU
		{C9BE66A5-132A-4AD9-B3C9-7AAAE75C3366}.Release|x64.ActiveCfg = Release|Any CPU
		{C9BE66A5-132A-4AD9-B3C9-7AAAE75C3366}.Release|x64.Build.0 = Release|Any CPU
		{C9BE66A5-132A-4AD9-B3C9-7AAAE75C3366}.Release|x86.ActiveCfg = Release|Any CPU
		{C9BE66A5-132A-4AD9-B3C9-7AAAE75C3366}.Release|x86.Build.0 = Release|Any CPU
		{211EE290-E8A3-4F08-9849-960FE61C0C31}.Debug|Any CPU.ActiveCfg = Debug|Any CPU
		{211EE290-E8A3-4F08-9849-960FE61C0C31}.Debug|Any CPU.Build.0 = Debug|Any CPU
		{211EE290-E8A3-4F08-9849-960FE61C0C31}.Debug|ARM.ActiveCfg = Debug|Any CPU
		{211EE290-E8A3-4F08-9849-960FE61C0C31}.Debug|ARM.Build.0 = Debug|Any CPU
		{211EE290-E8A3-4F08-9849-960FE61C0C31}.Debug|x64.ActiveCfg = Debug|Any CPU
		{211EE290-E8A3-4F08-9849-960FE61C0C31}.Debug|x64.Build.0 = Debug|Any CPU
		{211EE290-E8A3-4F08-9849-960FE61C0C31}.Debug|x86.ActiveCfg = Debug|Any CPU
		{211EE290-E8A3-4F08-9849-960FE61C0C31}.Debug|x86.Build.0 = Debug|Any CPU
		{211EE290-E8A3-4F08-9849-960FE61C0C31}.Release|Any CPU.ActiveCfg = Release|Any CPU
		{211EE290-E8A3-4F08-9849-960FE61C0C31}.Release|Any CPU.Build.0 = Release|Any CPU
		{211EE290-E8A3-4F08-9849-960FE61C0C31}.Release|ARM.ActiveCfg = Release|Any CPU
		{211EE290-E8A3-4F08-9849-960FE61C0C31}.Release|ARM.Build.0 = Release|Any CPU
		{211EE290-E8A3-4F08-9849-960FE61C0C31}.Release|x64.ActiveCfg = Release|Any CPU
		{211EE290-E8A3-4F08-9849-960FE61C0C31}.Release|x64.Build.0 = Release|Any CPU
		{211EE290-E8A3-4F08-9849-960FE61C0C31}.Release|x86.ActiveCfg = Release|Any CPU
		{211EE290-E8A3-4F08-9849-960FE61C0C31}.Release|x86.Build.0 = Release|Any CPU
		{83121361-35E9-45B3-988F-1DC69750813B}.Debug|Any CPU.ActiveCfg = Debug|Any CPU
		{83121361-35E9-45B3-988F-1DC69750813B}.Debug|Any CPU.Build.0 = Debug|Any CPU
		{83121361-35E9-45B3-988F-1DC69750813B}.Debug|ARM.ActiveCfg = Debug|Any CPU
		{83121361-35E9-45B3-988F-1DC69750813B}.Debug|ARM.Build.0 = Debug|Any CPU
		{83121361-35E9-45B3-988F-1DC69750813B}.Debug|x64.ActiveCfg = Debug|Any CPU
		{83121361-35E9-45B3-988F-1DC69750813B}.Debug|x64.Build.0 = Debug|Any CPU
		{83121361-35E9-45B3-988F-1DC69750813B}.Debug|x86.ActiveCfg = Debug|Any CPU
		{83121361-35E9-45B3-988F-1DC69750813B}.Debug|x86.Build.0 = Debug|Any CPU
		{83121361-35E9-45B3-988F-1DC69750813B}.Release|Any CPU.ActiveCfg = Release|Any CPU
		{83121361-35E9-45B3-988F-1DC69750813B}.Release|Any CPU.Build.0 = Release|Any CPU
		{83121361-35E9-45B3-988F-1DC69750813B}.Release|ARM.ActiveCfg = Release|Any CPU
		{83121361-35E9-45B3-988F-1DC69750813B}.Release|ARM.Build.0 = Release|Any CPU
		{83121361-35E9-45B3-988F-1DC69750813B}.Release|x64.ActiveCfg = Release|Any CPU
		{83121361-35E9-45B3-988F-1DC69750813B}.Release|x64.Build.0 = Release|Any CPU
		{83121361-35E9-45B3-988F-1DC69750813B}.Release|x86.ActiveCfg = Release|Any CPU
		{83121361-35E9-45B3-988F-1DC69750813B}.Release|x86.Build.0 = Release|Any CPU
		{411189C6-283E-494C-B1A5-E1A31C24D72C}.Debug|Any CPU.ActiveCfg = Debug|Any CPU
		{411189C6-283E-494C-B1A5-E1A31C24D72C}.Debug|Any CPU.Build.0 = Debug|Any CPU
		{411189C6-283E-494C-B1A5-E1A31C24D72C}.Debug|ARM.ActiveCfg = Debug|Any CPU
		{411189C6-283E-494C-B1A5-E1A31C24D72C}.Debug|ARM.Build.0 = Debug|Any CPU
		{411189C6-283E-494C-B1A5-E1A31C24D72C}.Debug|x64.ActiveCfg = Debug|Any CPU
		{411189C6-283E-494C-B1A5-E1A31C24D72C}.Debug|x64.Build.0 = Debug|Any CPU
		{411189C6-283E-494C-B1A5-E1A31C24D72C}.Debug|x86.ActiveCfg = Debug|Any CPU
		{411189C6-283E-494C-B1A5-E1A31C24D72C}.Debug|x86.Build.0 = Debug|Any CPU
		{411189C6-283E-494C-B1A5-E1A31C24D72C}.Release|Any CPU.ActiveCfg = Release|Any CPU
		{411189C6-283E-494C-B1A5-E1A31C24D72C}.Release|Any CPU.Build.0 = Release|Any CPU
		{411189C6-283E-494C-B1A5-E1A31C24D72C}.Release|ARM.ActiveCfg = Release|Any CPU
		{411189C6-283E-494C-B1A5-E1A31C24D72C}.Release|ARM.Build.0 = Release|Any CPU
		{411189C6-283E-494C-B1A5-E1A31C24D72C}.Release|x64.ActiveCfg = Release|Any CPU
		{411189C6-283E-494C-B1A5-E1A31C24D72C}.Release|x64.Build.0 = Release|Any CPU
		{411189C6-283E-494C-B1A5-E1A31C24D72C}.Release|x86.ActiveCfg = Release|Any CPU
		{411189C6-283E-494C-B1A5-E1A31C24D72C}.Release|x86.Build.0 = Release|Any CPU
		{EB117EC1-CB73-4B28-BE25-1BC40CC338FE}.Debug|Any CPU.ActiveCfg = Debug|Any CPU
		{EB117EC1-CB73-4B28-BE25-1BC40CC338FE}.Debug|Any CPU.Build.0 = Debug|Any CPU
		{EB117EC1-CB73-4B28-BE25-1BC40CC338FE}.Debug|ARM.ActiveCfg = Debug|Any CPU
		{EB117EC1-CB73-4B28-BE25-1BC40CC338FE}.Debug|ARM.Build.0 = Debug|Any CPU
		{EB117EC1-CB73-4B28-BE25-1BC40CC338FE}.Debug|x64.ActiveCfg = Debug|Any CPU
		{EB117EC1-CB73-4B28-BE25-1BC40CC338FE}.Debug|x64.Build.0 = Debug|Any CPU
		{EB117EC1-CB73-4B28-BE25-1BC40CC338FE}.Debug|x86.ActiveCfg = Debug|Any CPU
		{EB117EC1-CB73-4B28-BE25-1BC40CC338FE}.Debug|x86.Build.0 = Debug|Any CPU
		{EB117EC1-CB73-4B28-BE25-1BC40CC338FE}.Release|Any CPU.ActiveCfg = Release|Any CPU
		{EB117EC1-CB73-4B28-BE25-1BC40CC338FE}.Release|Any CPU.Build.0 = Release|Any CPU
		{EB117EC1-CB73-4B28-BE25-1BC40CC338FE}.Release|ARM.ActiveCfg = Release|Any CPU
		{EB117EC1-CB73-4B28-BE25-1BC40CC338FE}.Release|ARM.Build.0 = Release|Any CPU
		{EB117EC1-CB73-4B28-BE25-1BC40CC338FE}.Release|x64.ActiveCfg = Release|Any CPU
		{EB117EC1-CB73-4B28-BE25-1BC40CC338FE}.Release|x64.Build.0 = Release|Any CPU
		{EB117EC1-CB73-4B28-BE25-1BC40CC338FE}.Release|x86.ActiveCfg = Release|Any CPU
		{EB117EC1-CB73-4B28-BE25-1BC40CC338FE}.Release|x86.Build.0 = Release|Any CPU
		{F00E3B44-7BF7-43BA-8B33-B03E1876286B}.Debug|Any CPU.ActiveCfg = Debug|Any CPU
		{F00E3B44-7BF7-43BA-8B33-B03E1876286B}.Debug|Any CPU.Build.0 = Debug|Any CPU
		{F00E3B44-7BF7-43BA-8B33-B03E1876286B}.Debug|ARM.ActiveCfg = Debug|Any CPU
		{F00E3B44-7BF7-43BA-8B33-B03E1876286B}.Debug|ARM.Build.0 = Debug|Any CPU
		{F00E3B44-7BF7-43BA-8B33-B03E1876286B}.Debug|x64.ActiveCfg = Debug|Any CPU
		{F00E3B44-7BF7-43BA-8B33-B03E1876286B}.Debug|x64.Build.0 = Debug|Any CPU
		{F00E3B44-7BF7-43BA-8B33-B03E1876286B}.Debug|x86.ActiveCfg = Debug|Any CPU
		{F00E3B44-7BF7-43BA-8B33-B03E1876286B}.Debug|x86.Build.0 = Debug|Any CPU
		{F00E3B44-7BF7-43BA-8B33-B03E1876286B}.Release|Any CPU.ActiveCfg = Release|Any CPU
		{F00E3B44-7BF7-43BA-8B33-B03E1876286B}.Release|Any CPU.Build.0 = Release|Any CPU
		{F00E3B44-7BF7-43BA-8B33-B03E1876286B}.Release|ARM.ActiveCfg = Release|Any CPU
		{F00E3B44-7BF7-43BA-8B33-B03E1876286B}.Release|ARM.Build.0 = Release|Any CPU
		{F00E3B44-7BF7-43BA-8B33-B03E1876286B}.Release|x64.ActiveCfg = Release|Any CPU
		{F00E3B44-7BF7-43BA-8B33-B03E1876286B}.Release|x64.Build.0 = Release|Any CPU
		{F00E3B44-7BF7-43BA-8B33-B03E1876286B}.Release|x86.ActiveCfg = Release|Any CPU
		{F00E3B44-7BF7-43BA-8B33-B03E1876286B}.Release|x86.Build.0 = Release|Any CPU
		{4AA7AA48-79DD-4373-8524-20E78C15E886}.Debug|Any CPU.ActiveCfg = Debug|Any CPU
		{4AA7AA48-79DD-4373-8524-20E78C15E886}.Debug|Any CPU.Build.0 = Debug|Any CPU
		{4AA7AA48-79DD-4373-8524-20E78C15E886}.Debug|ARM.ActiveCfg = Debug|Any CPU
		{4AA7AA48-79DD-4373-8524-20E78C15E886}.Debug|ARM.Build.0 = Debug|Any CPU
		{4AA7AA48-79DD-4373-8524-20E78C15E886}.Debug|x64.ActiveCfg = Debug|Any CPU
		{4AA7AA48-79DD-4373-8524-20E78C15E886}.Debug|x64.Build.0 = Debug|Any CPU
		{4AA7AA48-79DD-4373-8524-20E78C15E886}.Debug|x86.ActiveCfg = Debug|Any CPU
		{4AA7AA48-79DD-4373-8524-20E78C15E886}.Debug|x86.Build.0 = Debug|Any CPU
		{4AA7AA48-79DD-4373-8524-20E78C15E886}.Release|Any CPU.ActiveCfg = Release|Any CPU
		{4AA7AA48-79DD-4373-8524-20E78C15E886}.Release|Any CPU.Build.0 = Release|Any CPU
		{4AA7AA48-79DD-4373-8524-20E78C15E886}.Release|ARM.ActiveCfg = Release|Any CPU
		{4AA7AA48-79DD-4373-8524-20E78C15E886}.Release|ARM.Build.0 = Release|Any CPU
		{4AA7AA48-79DD-4373-8524-20E78C15E886}.Release|x64.ActiveCfg = Release|Any CPU
		{4AA7AA48-79DD-4373-8524-20E78C15E886}.Release|x64.Build.0 = Release|Any CPU
		{4AA7AA48-79DD-4373-8524-20E78C15E886}.Release|x86.ActiveCfg = Release|Any CPU
		{4AA7AA48-79DD-4373-8524-20E78C15E886}.Release|x86.Build.0 = Release|Any CPU
		{F6E78E28-C5EA-4B12-A420-C7908992895D}.Debug|Any CPU.ActiveCfg = Debug|Any CPU
		{F6E78E28-C5EA-4B12-A420-C7908992895D}.Debug|Any CPU.Build.0 = Debug|Any CPU
		{F6E78E28-C5EA-4B12-A420-C7908992895D}.Debug|ARM.ActiveCfg = Debug|Any CPU
		{F6E78E28-C5EA-4B12-A420-C7908992895D}.Debug|ARM.Build.0 = Debug|Any CPU
		{F6E78E28-C5EA-4B12-A420-C7908992895D}.Debug|x64.ActiveCfg = Debug|Any CPU
		{F6E78E28-C5EA-4B12-A420-C7908992895D}.Debug|x64.Build.0 = Debug|Any CPU
		{F6E78E28-C5EA-4B12-A420-C7908992895D}.Debug|x86.ActiveCfg = Debug|Any CPU
		{F6E78E28-C5EA-4B12-A420-C7908992895D}.Debug|x86.Build.0 = Debug|Any CPU
		{F6E78E28-C5EA-4B12-A420-C7908992895D}.Release|Any CPU.ActiveCfg = Release|Any CPU
		{F6E78E28-C5EA-4B12-A420-C7908992895D}.Release|Any CPU.Build.0 = Release|Any CPU
		{F6E78E28-C5EA-4B12-A420-C7908992895D}.Release|ARM.ActiveCfg = Release|Any CPU
		{F6E78E28-C5EA-4B12-A420-C7908992895D}.Release|ARM.Build.0 = Release|Any CPU
		{F6E78E28-C5EA-4B12-A420-C7908992895D}.Release|x64.ActiveCfg = Release|Any CPU
		{F6E78E28-C5EA-4B12-A420-C7908992895D}.Release|x64.Build.0 = Release|Any CPU
		{F6E78E28-C5EA-4B12-A420-C7908992895D}.Release|x86.ActiveCfg = Release|Any CPU
		{F6E78E28-C5EA-4B12-A420-C7908992895D}.Release|x86.Build.0 = Release|Any CPU
		{6A07E581-E48F-4EF0-A6C2-4FA44D6C4A5E}.Debug|Any CPU.ActiveCfg = Debug|Any CPU
		{6A07E581-E48F-4EF0-A6C2-4FA44D6C4A5E}.Debug|Any CPU.Build.0 = Debug|Any CPU
		{6A07E581-E48F-4EF0-A6C2-4FA44D6C4A5E}.Debug|ARM.ActiveCfg = Debug|Any CPU
		{6A07E581-E48F-4EF0-A6C2-4FA44D6C4A5E}.Debug|ARM.Build.0 = Debug|Any CPU
		{6A07E581-E48F-4EF0-A6C2-4FA44D6C4A5E}.Debug|x64.ActiveCfg = Debug|Any CPU
		{6A07E581-E48F-4EF0-A6C2-4FA44D6C4A5E}.Debug|x64.Build.0 = Debug|Any CPU
		{6A07E581-E48F-4EF0-A6C2-4FA44D6C4A5E}.Debug|x86.ActiveCfg = Debug|Any CPU
		{6A07E581-E48F-4EF0-A6C2-4FA44D6C4A5E}.Debug|x86.Build.0 = Debug|Any CPU
		{6A07E581-E48F-4EF0-A6C2-4FA44D6C4A5E}.Release|Any CPU.ActiveCfg = Release|Any CPU
		{6A07E581-E48F-4EF0-A6C2-4FA44D6C4A5E}.Release|Any CPU.Build.0 = Release|Any CPU
		{6A07E581-E48F-4EF0-A6C2-4FA44D6C4A5E}.Release|ARM.ActiveCfg = Release|Any CPU
		{6A07E581-E48F-4EF0-A6C2-4FA44D6C4A5E}.Release|ARM.Build.0 = Release|Any CPU
		{6A07E581-E48F-4EF0-A6C2-4FA44D6C4A5E}.Release|x64.ActiveCfg = Release|Any CPU
		{6A07E581-E48F-4EF0-A6C2-4FA44D6C4A5E}.Release|x64.Build.0 = Release|Any CPU
		{6A07E581-E48F-4EF0-A6C2-4FA44D6C4A5E}.Release|x86.ActiveCfg = Release|Any CPU
		{6A07E581-E48F-4EF0-A6C2-4FA44D6C4A5E}.Release|x86.Build.0 = Release|Any CPU
		{CFBC264A-E1CD-4CDB-8647-E6CE9790EA27}.Debug|Any CPU.ActiveCfg = Debug|Any CPU
		{CFBC264A-E1CD-4CDB-8647-E6CE9790EA27}.Debug|Any CPU.Build.0 = Debug|Any CPU
		{CFBC264A-E1CD-4CDB-8647-E6CE9790EA27}.Debug|ARM.ActiveCfg = Debug|Any CPU
		{CFBC264A-E1CD-4CDB-8647-E6CE9790EA27}.Debug|ARM.Build.0 = Debug|Any CPU
		{CFBC264A-E1CD-4CDB-8647-E6CE9790EA27}.Debug|x64.ActiveCfg = Debug|Any CPU
		{CFBC264A-E1CD-4CDB-8647-E6CE9790EA27}.Debug|x64.Build.0 = Debug|Any CPU
		{CFBC264A-E1CD-4CDB-8647-E6CE9790EA27}.Debug|x86.ActiveCfg = Debug|Any CPU
		{CFBC264A-E1CD-4CDB-8647-E6CE9790EA27}.Debug|x86.Build.0 = Debug|Any CPU
		{CFBC264A-E1CD-4CDB-8647-E6CE9790EA27}.Release|Any CPU.ActiveCfg = Release|Any CPU
		{CFBC264A-E1CD-4CDB-8647-E6CE9790EA27}.Release|Any CPU.Build.0 = Release|Any CPU
		{CFBC264A-E1CD-4CDB-8647-E6CE9790EA27}.Release|ARM.ActiveCfg = Release|Any CPU
		{CFBC264A-E1CD-4CDB-8647-E6CE9790EA27}.Release|ARM.Build.0 = Release|Any CPU
		{CFBC264A-E1CD-4CDB-8647-E6CE9790EA27}.Release|x64.ActiveCfg = Release|Any CPU
		{CFBC264A-E1CD-4CDB-8647-E6CE9790EA27}.Release|x64.Build.0 = Release|Any CPU
		{CFBC264A-E1CD-4CDB-8647-E6CE9790EA27}.Release|x86.ActiveCfg = Release|Any CPU
		{CFBC264A-E1CD-4CDB-8647-E6CE9790EA27}.Release|x86.Build.0 = Release|Any CPU
		{5CE960F6-7D72-4E6E-8F80-3FDB7CEDC374}.Debug|Any CPU.ActiveCfg = Debug|Any CPU
		{5CE960F6-7D72-4E6E-8F80-3FDB7CEDC374}.Debug|Any CPU.Build.0 = Debug|Any CPU
		{5CE960F6-7D72-4E6E-8F80-3FDB7CEDC374}.Debug|ARM.ActiveCfg = Debug|Any CPU
		{5CE960F6-7D72-4E6E-8F80-3FDB7CEDC374}.Debug|ARM.Build.0 = Debug|Any CPU
		{5CE960F6-7D72-4E6E-8F80-3FDB7CEDC374}.Debug|x64.ActiveCfg = Debug|Any CPU
		{5CE960F6-7D72-4E6E-8F80-3FDB7CEDC374}.Debug|x64.Build.0 = Debug|Any CPU
		{5CE960F6-7D72-4E6E-8F80-3FDB7CEDC374}.Debug|x86.ActiveCfg = Debug|Any CPU
		{5CE960F6-7D72-4E6E-8F80-3FDB7CEDC374}.Debug|x86.Build.0 = Debug|Any CPU
		{5CE960F6-7D72-4E6E-8F80-3FDB7CEDC374}.Release|Any CPU.ActiveCfg = Release|Any CPU
		{5CE960F6-7D72-4E6E-8F80-3FDB7CEDC374}.Release|Any CPU.Build.0 = Release|Any CPU
		{5CE960F6-7D72-4E6E-8F80-3FDB7CEDC374}.Release|ARM.ActiveCfg = Release|Any CPU
		{5CE960F6-7D72-4E6E-8F80-3FDB7CEDC374}.Release|ARM.Build.0 = Release|Any CPU
		{5CE960F6-7D72-4E6E-8F80-3FDB7CEDC374}.Release|x64.ActiveCfg = Release|Any CPU
		{5CE960F6-7D72-4E6E-8F80-3FDB7CEDC374}.Release|x64.Build.0 = Release|Any CPU
		{5CE960F6-7D72-4E6E-8F80-3FDB7CEDC374}.Release|x86.ActiveCfg = Release|Any CPU
		{5CE960F6-7D72-4E6E-8F80-3FDB7CEDC374}.Release|x86.Build.0 = Release|Any CPU
	EndGlobalSection
	GlobalSection(SolutionProperties) = preSolution
		HideSolutionNode = FALSE
	EndGlobalSection
	GlobalSection(NestedProjects) = preSolution
		{EE4E6C9A-5FC8-4897-9AE8-321EF92F17DA} = {97FCEAD0-DF6F-4DC7-833D-1459028A2C58}
		{6703C8D4-92FD-4806-8FBD-676948885325} = {97FCEAD0-DF6F-4DC7-833D-1459028A2C58}
		{26B3EC45-C8D3-4620-AFDC-6CBAAEF93245} = {97FCEAD0-DF6F-4DC7-833D-1459028A2C58}
		{646C53E8-9E7D-439C-90E6-BACCEADAE852} = {97FCEAD0-DF6F-4DC7-833D-1459028A2C58}
		{C9A42623-7CCB-406B-BB6C-1990CAA8CD02} = {1D77347C-3086-4AC7-A070-BF1627A0CBC8}
		{89286EB4-B4A1-418C-839A-067B00F442D8} = {1D77347C-3086-4AC7-A070-BF1627A0CBC8}
		{C48B6303-F578-457A-8719-D0BCC63CB528} = {E156449B-B804-420C-AFCC-A8E54FDB0942}
		{303EEC5A-AF5E-40B5-8CC8-546D42EC168B} = {3E8395CA-55DA-4EB1-B787-2E521E6AABC8}
		{A265BE75-DBBB-4649-A9B2-6A23FF5F08EC} = {3E8395CA-55DA-4EB1-B787-2E521E6AABC8}
		{BEDC618F-2497-4142-85B6-3B686B853DC1} = {1D77347C-3086-4AC7-A070-BF1627A0CBC8}
		{1D97ECDA-D9E1-4FE0-981B-C865A4373EA9} = {22E14317-5BE4-4C3C-99F5-7A78929F47C9}
		{ED4769D3-ABFA-4BB5-92B8-C3D0B38F29D1} = {1D77347C-3086-4AC7-A070-BF1627A0CBC8}
		{324FDAFB-B534-46F0-A3FF-6F65071D3946} = {3E8395CA-55DA-4EB1-B787-2E521E6AABC8}
		{DF094E9B-3394-4C01-948E-FFE39B9BACC9} = {3E8395CA-55DA-4EB1-B787-2E521E6AABC8}
		{90A643B1-09A2-46D1-BB50-B0D7F7E98AE7} = {3E8395CA-55DA-4EB1-B787-2E521E6AABC8}
		{AD4057D2-F609-4BEA-877C-0E5CAD0CE5A9} = {3E8395CA-55DA-4EB1-B787-2E521E6AABC8}
		{D8C596F7-BB98-4CBB-8095-09B14D1078C7} = {3E8395CA-55DA-4EB1-B787-2E521E6AABC8}
		{B6612D08-63AD-4111-94F0-310DD5ECB78E} = {3E8395CA-55DA-4EB1-B787-2E521E6AABC8}
		{0E372A18-C200-41EC-8B80-75D17BB5CFBE} = {3E8395CA-55DA-4EB1-B787-2E521E6AABC8}
		{F00706B8-457D-4C19-BAEA-88402B47EA80} = {3E8395CA-55DA-4EB1-B787-2E521E6AABC8}
		{F26883A8-9EF7-4CFE-8403-B604718B9E80} = {3E8395CA-55DA-4EB1-B787-2E521E6AABC8}
		{6C83C95E-6309-4F20-A001-92C48BA69C83} = {3E8395CA-55DA-4EB1-B787-2E521E6AABC8}
		{B8FA5B9A-DE55-4094-A257-50EDEF0DECD1} = {3E8395CA-55DA-4EB1-B787-2E521E6AABC8}
		{2A389F7C-84EC-43F4-97B4-106C5CB5FDD2} = {3E8395CA-55DA-4EB1-B787-2E521E6AABC8}
		{3323BF91-DDBC-4931-B5FD-D20C587065F1} = {3E8395CA-55DA-4EB1-B787-2E521E6AABC8}
		{C9BE66A5-132A-4AD9-B3C9-7AAAE75C3366} = {3E8395CA-55DA-4EB1-B787-2E521E6AABC8}
		{211EE290-E8A3-4F08-9849-960FE61C0C31} = {3E8395CA-55DA-4EB1-B787-2E521E6AABC8}
		{83121361-35E9-45B3-988F-1DC69750813B} = {3E8395CA-55DA-4EB1-B787-2E521E6AABC8}
		{411189C6-283E-494C-B1A5-E1A31C24D72C} = {3E8395CA-55DA-4EB1-B787-2E521E6AABC8}
		{EB117EC1-CB73-4B28-BE25-1BC40CC338FE} = {3E8395CA-55DA-4EB1-B787-2E521E6AABC8}
		{F00E3B44-7BF7-43BA-8B33-B03E1876286B} = {3E8395CA-55DA-4EB1-B787-2E521E6AABC8}
		{4AA7AA48-79DD-4373-8524-20E78C15E886} = {3E8395CA-55DA-4EB1-B787-2E521E6AABC8}
		{F6E78E28-C5EA-4B12-A420-C7908992895D} = {3E8395CA-55DA-4EB1-B787-2E521E6AABC8}
		{6A07E581-E48F-4EF0-A6C2-4FA44D6C4A5E} = {3E8395CA-55DA-4EB1-B787-2E521E6AABC8}
		{CFBC264A-E1CD-4CDB-8647-E6CE9790EA27} = {3E8395CA-55DA-4EB1-B787-2E521E6AABC8}
		{5CE960F6-7D72-4E6E-8F80-3FDB7CEDC374} = {3E8395CA-55DA-4EB1-B787-2E521E6AABC8}
	EndGlobalSection
EndGlobal
